
Microsoft Visual Studio Solution File, Format Version 11.00
# Visual Studio 2010
Project("{2150E333-8FDC-42A3-9474-1A3956D46DE8}") = "Drv", "Drv", "{E4285E42-A17C-4087-A2DD-0331A36EA781}"
EndProject
Project("{8BC9CEB8-8B4A-11D0-8D11-00A0C91BC942}") = "DriverMgr", "Src\DriverMgr\DriverMgr.vcxproj", "{F16D9C1F-02E4-4BD6-BF0B-C7357F0FF690}"
EndProject
Project("{8BC9CEB8-8B4A-11D0-8D11-00A0C91BC942}") = "LogModule", "Src\LogModule\LogModule.vcxproj", "{83A0F547-B4C5-46FB-8A47-4FAF330B8D54}"
EndProject
Project("{8BC9CEB8-8B4A-11D0-8D11-00A0C91BC942}") = "SimDrvEx", "Src\Driver\SimDrvEx\SimDrvEx.vcxproj", "{76B5C82C-28CD-45B9-9DCA-B95EFB2B2198}"
EndProject
Project("{8BC9CEB8-8B4A-11D0-8D11-00A0C91BC942}") = "AuthorityMgr", "Src\AuthorityMgr\AuthorityMgr.vcxproj", "{4955B1D5-0EE0-40DC-BE4E-FE279E5DFAB1}"
EndProject
Project("{8BC9CEB8-8B4A-11D0-8D11-00A0C91BC942}") = "ddclib", "Src\ddclib\ddclib.vcxproj", "{AE9A98A2-8DE1-4B75-B3FF-1F5E59E8EB1D}"
EndProject
Project("{8BC9CEB8-8B4A-11D0-8D11-00A0C91BC942}") = "modbus", "Src\Driver\modbus\modbus.vcxproj", "{2498133E-22C0-41B4-B778-C184573B96CD}"
EndProject
Project("{8BC9CEB8-8B4A-11D0-8D11-00A0C91BC942}") = "opcdrv", "Src\Driver\opcdrv\opcdrv.vcxproj", "{B1A6247E-4DAB-4521-B3A4-9DD11DAE3217}"
EndProject
Project("{8BC9CEB8-8B4A-11D0-8D11-00A0C91BC942}") = "101Drv", "Src\Driver\101Drv\101Drv.vcxproj", "{7CDAAB7A-BF5D-40F5-A578-9F5571099080}"
EndProject
Project("{8BC9CEB8-8B4A-11D0-8D11-00A0C91BC942}") = "102Drv", "Src\Driver\102Drv\102Drv.vcxproj", "{BC22FABC-713B-4BD2-8E09-1B006A7D4794}"
EndProject
Project("{8BC9CEB8-8B4A-11D0-8D11-00A0C91BC942}") = "General", "Src\General\General.vcxproj", "{D4F3CF7B-C738-472F-96DF-8C41E16E10A0}"
EndProject
Project("{8BC9CEB8-8B4A-11D0-8D11-00A0C91BC942}") = "104Drv", "Src\Driver\104Drv\104Drv.vcxproj", "{05EBF2E8-DB58-4366-A986-129D4B4DB0E3}"
EndProject
Project("{8BC9CEB8-8B4A-11D0-8D11-00A0C91BC942}") = "F701Drv", "Src\Driver\F701Drv\F701Drv.vcxproj", "{612C76DD-C692-40DE-BC8B-A275E1EC2CEE}"
EndProject
Project("{8BC9CEB8-8B4A-11D0-8D11-00A0C91BC942}") = "IOServer", "Src\IOServer\IOServer.vcxproj", "{7BEB1945-5C92-4474-941B-BCF3A2AD3B28}"
EndProject
Project("{8BC9CEB8-8B4A-11D0-8D11-00A0C91BC942}") = "TimeConverter", "Src\TimeConverter\TimeConverter.vcxproj", "{624D4945-3908-4587-8C74-0A7C20B81568}"
EndProject
Project("{8BC9CEB8-8B4A-11D0-8D11-00A0C91BC942}") = "IOServer_YS", "Src\IOServer_YS\IOServer_YS.vcxproj", "{B094261C-6E7E-4117-9A2F-DAD3565CF2BB}"
EndProject
Global
	GlobalSection(SolutionConfigurationPlatforms) = preSolution
		Debug DLL|Win32 = Debug DLL|Win32
		Debug DLL|x64 = Debug DLL|x64
		Debug Static|Win32 = Debug Static|Win32
		Debug Static|x64 = Debug Static|x64
		Debug|Win32 = Debug|Win32
		Debug|x64 = Debug|x64
		MFC Debug|Win32 = MFC Debug|Win32
		MFC Debug|x64 = MFC Debug|x64
		MFC Release|Win32 = MFC Release|Win32
		MFC Release|x64 = MFC Release|x64
		Release DLL|Win32 = Release DLL|Win32
		Release DLL|x64 = Release DLL|x64
		Release LIB|Win32 = Release LIB|Win32
		Release LIB|x64 = Release LIB|x64
		Release Static|Win32 = Release Static|Win32
		Release Static|x64 = Release Static|x64
		Release_Static|Win32 = Release_Static|Win32
		Release_Static|x64 = Release_Static|x64
		Release|Win32 = Release|Win32
		Release|x64 = Release|x64
		Template|Win32 = Template|Win32
		Template|x64 = Template|x64
		Unicode Debug|Win32 = Unicode Debug|Win32
		Unicode Debug|x64 = Unicode Debug|x64
		Unicode Release|Win32 = Unicode Release|Win32
		Unicode Release|x64 = Unicode Release|x64
	EndGlobalSection
	GlobalSection(ProjectConfigurationPlatforms) = postSolution
		{F16D9C1F-02E4-4BD6-BF0B-C7357F0FF690}.Debug DLL|Win32.ActiveCfg = Debug|Win32
		{F16D9C1F-02E4-4BD6-BF0B-C7357F0FF690}.Debug DLL|Win32.Build.0 = Debug|Win32
		{F16D9C1F-02E4-4BD6-BF0B-C7357F0FF690}.Debug DLL|x64.ActiveCfg = Debug|Win32
		{F16D9C1F-02E4-4BD6-BF0B-C7357F0FF690}.Debug Static|Win32.ActiveCfg = Debug|Win32
		{F16D9C1F-02E4-4BD6-BF0B-C7357F0FF690}.Debug Static|Win32.Build.0 = Debug|Win32
		{F16D9C1F-02E4-4BD6-BF0B-C7357F0FF690}.Debug Static|x64.ActiveCfg = Debug|Win32
		{F16D9C1F-02E4-4BD6-BF0B-C7357F0FF690}.Debug|Win32.ActiveCfg = Debug|Win32
		{F16D9C1F-02E4-4BD6-BF0B-C7357F0FF690}.Debug|Win32.Build.0 = Debug|Win32
		{F16D9C1F-02E4-4BD6-BF0B-C7357F0FF690}.Debug|x64.ActiveCfg = Debug|Win32
		{F16D9C1F-02E4-4BD6-BF0B-C7357F0FF690}.MFC Debug|Win32.ActiveCfg = Debug|Win32
		{F16D9C1F-02E4-4BD6-BF0B-C7357F0FF690}.MFC Debug|Win32.Build.0 = Debug|Win32
		{F16D9C1F-02E4-4BD6-BF0B-C7357F0FF690}.MFC Debug|x64.ActiveCfg = Debug|Win32
		{F16D9C1F-02E4-4BD6-BF0B-C7357F0FF690}.MFC Release|Win32.ActiveCfg = Release|Win32
		{F16D9C1F-02E4-4BD6-BF0B-C7357F0FF690}.MFC Release|Win32.Build.0 = Release|Win32
		{F16D9C1F-02E4-4BD6-BF0B-C7357F0FF690}.MFC Release|x64.ActiveCfg = Release|Win32
		{F16D9C1F-02E4-4BD6-BF0B-C7357F0FF690}.Release DLL|Win32.ActiveCfg = Release|Win32
		{F16D9C1F-02E4-4BD6-BF0B-C7357F0FF690}.Release DLL|Win32.Build.0 = Release|Win32
		{F16D9C1F-02E4-4BD6-BF0B-C7357F0FF690}.Release DLL|x64.ActiveCfg = Release|Win32
		{F16D9C1F-02E4-4BD6-BF0B-C7357F0FF690}.Release LIB|Win32.ActiveCfg = Release|Win32
		{F16D9C1F-02E4-4BD6-BF0B-C7357F0FF690}.Release LIB|Win32.Build.0 = Release|Win32
		{F16D9C1F-02E4-4BD6-BF0B-C7357F0FF690}.Release LIB|x64.ActiveCfg = Release|Win32
		{F16D9C1F-02E4-4BD6-BF0B-C7357F0FF690}.Release Static|Win32.ActiveCfg = Release|Win32
		{F16D9C1F-02E4-4BD6-BF0B-C7357F0FF690}.Release Static|Win32.Build.0 = Release|Win32
		{F16D9C1F-02E4-4BD6-BF0B-C7357F0FF690}.Release Static|x64.ActiveCfg = Release|Win32
		{F16D9C1F-02E4-4BD6-BF0B-C7357F0FF690}.Release_Static|Win32.ActiveCfg = Release|Win32
		{F16D9C1F-02E4-4BD6-BF0B-C7357F0FF690}.Release_Static|Win32.Build.0 = Release|Win32
		{F16D9C1F-02E4-4BD6-BF0B-C7357F0FF690}.Release_Static|x64.ActiveCfg = Release|Win32
		{F16D9C1F-02E4-4BD6-BF0B-C7357F0FF690}.Release|Win32.ActiveCfg = Release|Win32
		{F16D9C1F-02E4-4BD6-BF0B-C7357F0FF690}.Release|Win32.Build.0 = Release|Win32
		{F16D9C1F-02E4-4BD6-BF0B-C7357F0FF690}.Release|x64.ActiveCfg = Release|Win32
		{F16D9C1F-02E4-4BD6-BF0B-C7357F0FF690}.Template|Win32.ActiveCfg = Release|Win32
		{F16D9C1F-02E4-4BD6-BF0B-C7357F0FF690}.Template|Win32.Build.0 = Release|Win32
		{F16D9C1F-02E4-4BD6-BF0B-C7357F0FF690}.Template|x64.ActiveCfg = Release|Win32
		{F16D9C1F-02E4-4BD6-BF0B-C7357F0FF690}.Unicode Debug|Win32.ActiveCfg = Debug|Win32
		{F16D9C1F-02E4-4BD6-BF0B-C7357F0FF690}.Unicode Debug|Win32.Build.0 = Debug|Win32
		{F16D9C1F-02E4-4BD6-BF0B-C7357F0FF690}.Unicode Debug|x64.ActiveCfg = Debug|Win32
		{F16D9C1F-02E4-4BD6-BF0B-C7357F0FF690}.Unicode Release|Win32.ActiveCfg = Release|Win32
		{F16D9C1F-02E4-4BD6-BF0B-C7357F0FF690}.Unicode Release|Win32.Build.0 = Release|Win32
		{F16D9C1F-02E4-4BD6-BF0B-C7357F0FF690}.Unicode Release|x64.ActiveCfg = Release|Win32
		{83A0F547-B4C5-46FB-8A47-4FAF330B8D54}.Debug DLL|Win32.ActiveCfg = Debug|Win32
		{83A0F547-B4C5-46FB-8A47-4FAF330B8D54}.Debug DLL|Win32.Build.0 = Debug|Win32
		{83A0F547-B4C5-46FB-8A47-4FAF330B8D54}.Debug DLL|x64.ActiveCfg = Debug|Win32
		{83A0F547-B4C5-46FB-8A47-4FAF330B8D54}.Debug Static|Win32.ActiveCfg = Debug|Win32
		{83A0F547-B4C5-46FB-8A47-4FAF330B8D54}.Debug Static|Win32.Build.0 = Debug|Win32
		{83A0F547-B4C5-46FB-8A47-4FAF330B8D54}.Debug Static|x64.ActiveCfg = Debug|Win32
		{83A0F547-B4C5-46FB-8A47-4FAF330B8D54}.Debug|Win32.ActiveCfg = Debug|Win32
		{83A0F547-B4C5-46FB-8A47-4FAF330B8D54}.Debug|Win32.Build.0 = Debug|Win32
		{83A0F547-B4C5-46FB-8A47-4FAF330B8D54}.Debug|x64.ActiveCfg = Debug|Win32
		{83A0F547-B4C5-46FB-8A47-4FAF330B8D54}.MFC Debug|Win32.ActiveCfg = Debug|Win32
		{83A0F547-B4C5-46FB-8A47-4FAF330B8D54}.MFC Debug|Win32.Build.0 = Debug|Win32
		{83A0F547-B4C5-46FB-8A47-4FAF330B8D54}.MFC Debug|x64.ActiveCfg = Debug|Win32
		{83A0F547-B4C5-46FB-8A47-4FAF330B8D54}.MFC Release|Win32.ActiveCfg = Release|Win32
		{83A0F547-B4C5-46FB-8A47-4FAF330B8D54}.MFC Release|Win32.Build.0 = Release|Win32
		{83A0F547-B4C5-46FB-8A47-4FAF330B8D54}.MFC Release|x64.ActiveCfg = Release|Win32
		{83A0F547-B4C5-46FB-8A47-4FAF330B8D54}.Release DLL|Win32.ActiveCfg = Release|Win32
		{83A0F547-B4C5-46FB-8A47-4FAF330B8D54}.Release DLL|Win32.Build.0 = Release|Win32
		{83A0F547-B4C5-46FB-8A47-4FAF330B8D54}.Release DLL|x64.ActiveCfg = Release|Win32
		{83A0F547-B4C5-46FB-8A47-4FAF330B8D54}.Release LIB|Win32.ActiveCfg = Release|Win32
		{83A0F547-B4C5-46FB-8A47-4FAF330B8D54}.Release LIB|Win32.Build.0 = Release|Win32
		{83A0F547-B4C5-46FB-8A47-4FAF330B8D54}.Release LIB|x64.ActiveCfg = Release|Win32
		{83A0F547-B4C5-46FB-8A47-4FAF330B8D54}.Release Static|Win32.ActiveCfg = Release|Win32
		{83A0F547-B4C5-46FB-8A47-4FAF330B8D54}.Release Static|Win32.Build.0 = Release|Win32
		{83A0F547-B4C5-46FB-8A47-4FAF330B8D54}.Release Static|x64.ActiveCfg = Release|Win32
		{83A0F547-B4C5-46FB-8A47-4FAF330B8D54}.Release_Static|Win32.ActiveCfg = Release|Win32
		{83A0F547-B4C5-46FB-8A47-4FAF330B8D54}.Release_Static|Win32.Build.0 = Release|Win32
		{83A0F547-B4C5-46FB-8A47-4FAF330B8D54}.Release_Static|x64.ActiveCfg = Release|Win32
		{83A0F547-B4C5-46FB-8A47-4FAF330B8D54}.Release|Win32.ActiveCfg = Release|Win32
		{83A0F547-B4C5-46FB-8A47-4FAF330B8D54}.Release|Win32.Build.0 = Release|Win32
		{83A0F547-B4C5-46FB-8A47-4FAF330B8D54}.Release|x64.ActiveCfg = Release|Win32
		{83A0F547-B4C5-46FB-8A47-4FAF330B8D54}.Template|Win32.ActiveCfg = Release|Win32
		{83A0F547-B4C5-46FB-8A47-4FAF330B8D54}.Template|Win32.Build.0 = Release|Win32
		{83A0F547-B4C5-46FB-8A47-4FAF330B8D54}.Template|x64.ActiveCfg = Release|Win32
		{83A0F547-B4C5-46FB-8A47-4FAF330B8D54}.Unicode Debug|Win32.ActiveCfg = Debug|Win32
		{83A0F547-B4C5-46FB-8A47-4FAF330B8D54}.Unicode Debug|Win32.Build.0 = Debug|Win32
		{83A0F547-B4C5-46FB-8A47-4FAF330B8D54}.Unicode Debug|x64.ActiveCfg = Debug|Win32
		{83A0F547-B4C5-46FB-8A47-4FAF330B8D54}.Unicode Release|Win32.ActiveCfg = Release|Win32
		{83A0F547-B4C5-46FB-8A47-4FAF330B8D54}.Unicode Release|Win32.Build.0 = Release|Win32
		{83A0F547-B4C5-46FB-8A47-4FAF330B8D54}.Unicode Release|x64.ActiveCfg = Release|Win32
		{76B5C82C-28CD-45B9-9DCA-B95EFB2B2198}.Debug DLL|Win32.ActiveCfg = Debug|Win32
		{76B5C82C-28CD-45B9-9DCA-B95EFB2B2198}.Debug DLL|Win32.Build.0 = Debug|Win32
		{76B5C82C-28CD-45B9-9DCA-B95EFB2B2198}.Debug DLL|x64.ActiveCfg = Debug|Win32
		{76B5C82C-28CD-45B9-9DCA-B95EFB2B2198}.Debug Static|Win32.ActiveCfg = Debug|Win32
		{76B5C82C-28CD-45B9-9DCA-B95EFB2B2198}.Debug Static|Win32.Build.0 = Debug|Win32
		{76B5C82C-28CD-45B9-9DCA-B95EFB2B2198}.Debug Static|x64.ActiveCfg = Debug|Win32
		{76B5C82C-28CD-45B9-9DCA-B95EFB2B2198}.Debug|Win32.ActiveCfg = Debug|Win32
		{76B5C82C-28CD-45B9-9DCA-B95EFB2B2198}.Debug|Win32.Build.0 = Debug|Win32
		{76B5C82C-28CD-45B9-9DCA-B95EFB2B2198}.Debug|x64.ActiveCfg = Debug|Win32
		{76B5C82C-28CD-45B9-9DCA-B95EFB2B2198}.MFC Debug|Win32.ActiveCfg = Debug|Win32
		{76B5C82C-28CD-45B9-9DCA-B95EFB2B2198}.MFC Debug|Win32.Build.0 = Debug|Win32
		{76B5C82C-28CD-45B9-9DCA-B95EFB2B2198}.MFC Debug|x64.ActiveCfg = Debug|Win32
		{76B5C82C-28CD-45B9-9DCA-B95EFB2B2198}.MFC Release|Win32.ActiveCfg = Release|Win32
		{76B5C82C-28CD-45B9-9DCA-B95EFB2B2198}.MFC Release|Win32.Build.0 = Release|Win32
		{76B5C82C-28CD-45B9-9DCA-B95EFB2B2198}.MFC Release|x64.ActiveCfg = Release|Win32
		{76B5C82C-28CD-45B9-9DCA-B95EFB2B2198}.Release DLL|Win32.ActiveCfg = Release|Win32
		{76B5C82C-28CD-45B9-9DCA-B95EFB2B2198}.Release DLL|Win32.Build.0 = Release|Win32
		{76B5C82C-28CD-45B9-9DCA-B95EFB2B2198}.Release DLL|x64.ActiveCfg = Release|Win32
		{76B5C82C-28CD-45B9-9DCA-B95EFB2B2198}.Release LIB|Win32.ActiveCfg = Release|Win32
		{76B5C82C-28CD-45B9-9DCA-B95EFB2B2198}.Release LIB|Win32.Build.0 = Release|Win32
		{76B5C82C-28CD-45B9-9DCA-B95EFB2B2198}.Release LIB|x64.ActiveCfg = Release|Win32
		{76B5C82C-28CD-45B9-9DCA-B95EFB2B2198}.Release Static|Win32.ActiveCfg = Release|Win32
		{76B5C82C-28CD-45B9-9DCA-B95EFB2B2198}.Release Static|Win32.Build.0 = Release|Win32
		{76B5C82C-28CD-45B9-9DCA-B95EFB2B2198}.Release Static|x64.ActiveCfg = Release|Win32
		{76B5C82C-28CD-45B9-9DCA-B95EFB2B2198}.Release_Static|Win32.ActiveCfg = Release|Win32
		{76B5C82C-28CD-45B9-9DCA-B95EFB2B2198}.Release_Static|Win32.Build.0 = Release|Win32
		{76B5C82C-28CD-45B9-9DCA-B95EFB2B2198}.Release_Static|x64.ActiveCfg = Release|Win32
		{76B5C82C-28CD-45B9-9DCA-B95EFB2B2198}.Release|Win32.ActiveCfg = Release|Win32
		{76B5C82C-28CD-45B9-9DCA-B95EFB2B2198}.Release|Win32.Build.0 = Release|Win32
		{76B5C82C-28CD-45B9-9DCA-B95EFB2B2198}.Release|x64.ActiveCfg = Release|Win32
		{76B5C82C-28CD-45B9-9DCA-B95EFB2B2198}.Template|Win32.ActiveCfg = Release|Win32
		{76B5C82C-28CD-45B9-9DCA-B95EFB2B2198}.Template|Win32.Build.0 = Release|Win32
		{76B5C82C-28CD-45B9-9DCA-B95EFB2B2198}.Template|x64.ActiveCfg = Release|Win32
		{76B5C82C-28CD-45B9-9DCA-B95EFB2B2198}.Unicode Debug|Win32.ActiveCfg = Debug|Win32
		{76B5C82C-28CD-45B9-9DCA-B95EFB2B2198}.Unicode Debug|Win32.Build.0 = Debug|Win32
		{76B5C82C-28CD-45B9-9DCA-B95EFB2B2198}.Unicode Debug|x64.ActiveCfg = Debug|Win32
		{76B5C82C-28CD-45B9-9DCA-B95EFB2B2198}.Unicode Release|Win32.ActiveCfg = Release|Win32
		{76B5C82C-28CD-45B9-9DCA-B95EFB2B2198}.Unicode Release|Win32.Build.0 = Release|Win32
		{76B5C82C-28CD-45B9-9DCA-B95EFB2B2198}.Unicode Release|x64.ActiveCfg = Release|Win32
		{4955B1D5-0EE0-40DC-BE4E-FE279E5DFAB1}.Debug DLL|Win32.ActiveCfg = Debug|Win32
		{4955B1D5-0EE0-40DC-BE4E-FE279E5DFAB1}.Debug DLL|Win32.Build.0 = Debug|Win32
		{4955B1D5-0EE0-40DC-BE4E-FE279E5DFAB1}.Debug DLL|x64.ActiveCfg = Debug|Win32
		{4955B1D5-0EE0-40DC-BE4E-FE279E5DFAB1}.Debug Static|Win32.ActiveCfg = Debug|Win32
		{4955B1D5-0EE0-40DC-BE4E-FE279E5DFAB1}.Debug Static|Win32.Build.0 = Debug|Win32
		{4955B1D5-0EE0-40DC-BE4E-FE279E5DFAB1}.Debug Static|x64.ActiveCfg = Debug|Win32
		{4955B1D5-0EE0-40DC-BE4E-FE279E5DFAB1}.Debug|Win32.ActiveCfg = Debug|Win32
		{4955B1D5-0EE0-40DC-BE4E-FE279E5DFAB1}.Debug|Win32.Build.0 = Debug|Win32
		{4955B1D5-0EE0-40DC-BE4E-FE279E5DFAB1}.Debug|x64.ActiveCfg = Debug|Win32
		{4955B1D5-0EE0-40DC-BE4E-FE279E5DFAB1}.MFC Debug|Win32.ActiveCfg = Debug|Win32
		{4955B1D5-0EE0-40DC-BE4E-FE279E5DFAB1}.MFC Debug|Win32.Build.0 = Debug|Win32
		{4955B1D5-0EE0-40DC-BE4E-FE279E5DFAB1}.MFC Debug|x64.ActiveCfg = Debug|Win32
		{4955B1D5-0EE0-40DC-BE4E-FE279E5DFAB1}.MFC Release|Win32.ActiveCfg = Release|Win32
		{4955B1D5-0EE0-40DC-BE4E-FE279E5DFAB1}.MFC Release|Win32.Build.0 = Release|Win32
		{4955B1D5-0EE0-40DC-BE4E-FE279E5DFAB1}.MFC Release|x64.ActiveCfg = Release|Win32
		{4955B1D5-0EE0-40DC-BE4E-FE279E5DFAB1}.Release DLL|Win32.ActiveCfg = Release|Win32
		{4955B1D5-0EE0-40DC-BE4E-FE279E5DFAB1}.Release DLL|Win32.Build.0 = Release|Win32
		{4955B1D5-0EE0-40DC-BE4E-FE279E5DFAB1}.Release DLL|x64.ActiveCfg = Release|Win32
		{4955B1D5-0EE0-40DC-BE4E-FE279E5DFAB1}.Release LIB|Win32.ActiveCfg = Release|Win32
		{4955B1D5-0EE0-40DC-BE4E-FE279E5DFAB1}.Release LIB|Win32.Build.0 = Release|Win32
		{4955B1D5-0EE0-40DC-BE4E-FE279E5DFAB1}.Release LIB|x64.ActiveCfg = Release|Win32
		{4955B1D5-0EE0-40DC-BE4E-FE279E5DFAB1}.Release Static|Win32.ActiveCfg = Release|Win32
		{4955B1D5-0EE0-40DC-BE4E-FE279E5DFAB1}.Release Static|Win32.Build.0 = Release|Win32
		{4955B1D5-0EE0-40DC-BE4E-FE279E5DFAB1}.Release Static|x64.ActiveCfg = Release|Win32
		{4955B1D5-0EE0-40DC-BE4E-FE279E5DFAB1}.Release_Static|Win32.ActiveCfg = Release|Win32
		{4955B1D5-0EE0-40DC-BE4E-FE279E5DFAB1}.Release_Static|Win32.Build.0 = Release|Win32
		{4955B1D5-0EE0-40DC-BE4E-FE279E5DFAB1}.Release_Static|x64.ActiveCfg = Release|Win32
		{4955B1D5-0EE0-40DC-BE4E-FE279E5DFAB1}.Release|Win32.ActiveCfg = Release|Win32
		{4955B1D5-0EE0-40DC-BE4E-FE279E5DFAB1}.Release|Win32.Build.0 = Release|Win32
		{4955B1D5-0EE0-40DC-BE4E-FE279E5DFAB1}.Release|x64.ActiveCfg = Release|Win32
		{4955B1D5-0EE0-40DC-BE4E-FE279E5DFAB1}.Template|Win32.ActiveCfg = Release|Win32
		{4955B1D5-0EE0-40DC-BE4E-FE279E5DFAB1}.Template|Win32.Build.0 = Release|Win32
		{4955B1D5-0EE0-40DC-BE4E-FE279E5DFAB1}.Template|x64.ActiveCfg = Release|Win32
		{4955B1D5-0EE0-40DC-BE4E-FE279E5DFAB1}.Unicode Debug|Win32.ActiveCfg = Debug|Win32
		{4955B1D5-0EE0-40DC-BE4E-FE279E5DFAB1}.Unicode Debug|Win32.Build.0 = Debug|Win32
		{4955B1D5-0EE0-40DC-BE4E-FE279E5DFAB1}.Unicode Debug|x64.ActiveCfg = Debug|Win32
		{4955B1D5-0EE0-40DC-BE4E-FE279E5DFAB1}.Unicode Release|Win32.ActiveCfg = Release|Win32
		{4955B1D5-0EE0-40DC-BE4E-FE279E5DFAB1}.Unicode Release|Win32.Build.0 = Release|Win32
		{4955B1D5-0EE0-40DC-BE4E-FE279E5DFAB1}.Unicode Release|x64.ActiveCfg = Release|Win32
		{AE9A98A2-8DE1-4B75-B3FF-1F5E59E8EB1D}.Debug DLL|Win32.ActiveCfg = Debug|Win32
		{AE9A98A2-8DE1-4B75-B3FF-1F5E59E8EB1D}.Debug DLL|Win32.Build.0 = Debug|Win32
		{AE9A98A2-8DE1-4B75-B3FF-1F5E59E8EB1D}.Debug DLL|x64.ActiveCfg = Debug|Win32
		{AE9A98A2-8DE1-4B75-B3FF-1F5E59E8EB1D}.Debug Static|Win32.ActiveCfg = Debug|Win32
		{AE9A98A2-8DE1-4B75-B3FF-1F5E59E8EB1D}.Debug Static|Win32.Build.0 = Debug|Win32
		{AE9A98A2-8DE1-4B75-B3FF-1F5E59E8EB1D}.Debug Static|x64.ActiveCfg = Debug|Win32
		{AE9A98A2-8DE1-4B75-B3FF-1F5E59E8EB1D}.Debug|Win32.ActiveCfg = Debug|Win32
		{AE9A98A2-8DE1-4B75-B3FF-1F5E59E8EB1D}.Debug|Win32.Build.0 = Debug|Win32
		{AE9A98A2-8DE1-4B75-B3FF-1F5E59E8EB1D}.Debug|x64.ActiveCfg = Debug|Win32
		{AE9A98A2-8DE1-4B75-B3FF-1F5E59E8EB1D}.MFC Debug|Win32.ActiveCfg = Debug|Win32
		{AE9A98A2-8DE1-4B75-B3FF-1F5E59E8EB1D}.MFC Debug|Win32.Build.0 = Debug|Win32
		{AE9A98A2-8DE1-4B75-B3FF-1F5E59E8EB1D}.MFC Debug|x64.ActiveCfg = Debug|Win32
		{AE9A98A2-8DE1-4B75-B3FF-1F5E59E8EB1D}.MFC Release|Win32.ActiveCfg = Release|Win32
		{AE9A98A2-8DE1-4B75-B3FF-1F5E59E8EB1D}.MFC Release|Win32.Build.0 = Release|Win32
		{AE9A98A2-8DE1-4B75-B3FF-1F5E59E8EB1D}.MFC Release|x64.ActiveCfg = Release|Win32
		{AE9A98A2-8DE1-4B75-B3FF-1F5E59E8EB1D}.Release DLL|Win32.ActiveCfg = Release|Win32
		{AE9A98A2-8DE1-4B75-B3FF-1F5E59E8EB1D}.Release DLL|Win32.Build.0 = Release|Win32
		{AE9A98A2-8DE1-4B75-B3FF-1F5E59E8EB1D}.Release DLL|x64.ActiveCfg = Release|Win32
		{AE9A98A2-8DE1-4B75-B3FF-1F5E59E8EB1D}.Release LIB|Win32.ActiveCfg = Release|Win32
		{AE9A98A2-8DE1-4B75-B3FF-1F5E59E8EB1D}.Release LIB|Win32.Build.0 = Release|Win32
		{AE9A98A2-8DE1-4B75-B3FF-1F5E59E8EB1D}.Release LIB|x64.ActiveCfg = Release|Win32
		{AE9A98A2-8DE1-4B75-B3FF-1F5E59E8EB1D}.Release Static|Win32.ActiveCfg = Release|Win32
		{AE9A98A2-8DE1-4B75-B3FF-1F5E59E8EB1D}.Release Static|Win32.Build.0 = Release|Win32
		{AE9A98A2-8DE1-4B75-B3FF-1F5E59E8EB1D}.Release Static|x64.ActiveCfg = Release|Win32
		{AE9A98A2-8DE1-4B75-B3FF-1F5E59E8EB1D}.Release_Static|Win32.ActiveCfg = Release|Win32
		{AE9A98A2-8DE1-4B75-B3FF-1F5E59E8EB1D}.Release_Static|Win32.Build.0 = Release|Win32
		{AE9A98A2-8DE1-4B75-B3FF-1F5E59E8EB1D}.Release_Static|x64.ActiveCfg = Release|Win32
		{AE9A98A2-8DE1-4B75-B3FF-1F5E59E8EB1D}.Release|Win32.ActiveCfg = Release|Win32
		{AE9A98A2-8DE1-4B75-B3FF-1F5E59E8EB1D}.Release|Win32.Build.0 = Release|Win32
		{AE9A98A2-8DE1-4B75-B3FF-1F5E59E8EB1D}.Release|x64.ActiveCfg = Release|Win32
		{AE9A98A2-8DE1-4B75-B3FF-1F5E59E8EB1D}.Template|Win32.ActiveCfg = Release|Win32
		{AE9A98A2-8DE1-4B75-B3FF-1F5E59E8EB1D}.Template|Win32.Build.0 = Release|Win32
		{AE9A98A2-8DE1-4B75-B3FF-1F5E59E8EB1D}.Template|x64.ActiveCfg = Release|Win32
		{AE9A98A2-8DE1-4B75-B3FF-1F5E59E8EB1D}.Unicode Debug|Win32.ActiveCfg = Debug|Win32
		{AE9A98A2-8DE1-4B75-B3FF-1F5E59E8EB1D}.Unicode Debug|Win32.Build.0 = Debug|Win32
		{AE9A98A2-8DE1-4B75-B3FF-1F5E59E8EB1D}.Unicode Debug|x64.ActiveCfg = Debug|Win32
		{AE9A98A2-8DE1-4B75-B3FF-1F5E59E8EB1D}.Unicode Release|Win32.ActiveCfg = Release|Win32
		{AE9A98A2-8DE1-4B75-B3FF-1F5E59E8EB1D}.Unicode Release|Win32.Build.0 = Release|Win32
		{AE9A98A2-8DE1-4B75-B3FF-1F5E59E8EB1D}.Unicode Release|x64.ActiveCfg = Release|Win32
		{2498133E-22C0-41B4-B778-C184573B96CD}.Debug DLL|Win32.ActiveCfg = Debug|Win32
		{2498133E-22C0-41B4-B778-C184573B96CD}.Debug DLL|Win32.Build.0 = Debug|Win32
		{2498133E-22C0-41B4-B778-C184573B96CD}.Debug DLL|x64.ActiveCfg = Debug|Win32
		{2498133E-22C0-41B4-B778-C184573B96CD}.Debug Static|Win32.ActiveCfg = Debug|Win32
		{2498133E-22C0-41B4-B778-C184573B96CD}.Debug Static|Win32.Build.0 = Debug|Win32
		{2498133E-22C0-41B4-B778-C184573B96CD}.Debug Static|x64.ActiveCfg = Debug|Win32
		{2498133E-22C0-41B4-B778-C184573B96CD}.Debug|Win32.ActiveCfg = Debug|Win32
		{2498133E-22C0-41B4-B778-C184573B96CD}.Debug|Win32.Build.0 = Debug|Win32
		{2498133E-22C0-41B4-B778-C184573B96CD}.Debug|x64.ActiveCfg = Debug|Win32
		{2498133E-22C0-41B4-B778-C184573B96CD}.MFC Debug|Win32.ActiveCfg = Debug|Win32
		{2498133E-22C0-41B4-B778-C184573B96CD}.MFC Debug|Win32.Build.0 = Debug|Win32
		{2498133E-22C0-41B4-B778-C184573B96CD}.MFC Debug|x64.ActiveCfg = Debug|Win32
		{2498133E-22C0-41B4-B778-C184573B96CD}.MFC Release|Win32.ActiveCfg = Release|Win32
		{2498133E-22C0-41B4-B778-C184573B96CD}.MFC Release|Win32.Build.0 = Release|Win32
		{2498133E-22C0-41B4-B778-C184573B96CD}.MFC Release|x64.ActiveCfg = Release|Win32
		{2498133E-22C0-41B4-B778-C184573B96CD}.Release DLL|Win32.ActiveCfg = Release|Win32
		{2498133E-22C0-41B4-B778-C184573B96CD}.Release DLL|Win32.Build.0 = Release|Win32
		{2498133E-22C0-41B4-B778-C184573B96CD}.Release DLL|x64.ActiveCfg = Release|Win32
		{2498133E-22C0-41B4-B778-C184573B96CD}.Release LIB|Win32.ActiveCfg = Release|Win32
		{2498133E-22C0-41B4-B778-C184573B96CD}.Release LIB|Win32.Build.0 = Release|Win32
		{2498133E-22C0-41B4-B778-C184573B96CD}.Release LIB|x64.ActiveCfg = Release|Win32
		{2498133E-22C0-41B4-B778-C184573B96CD}.Release Static|Win32.ActiveCfg = Release|Win32
		{2498133E-22C0-41B4-B778-C184573B96CD}.Release Static|Win32.Build.0 = Release|Win32
		{2498133E-22C0-41B4-B778-C184573B96CD}.Release Static|x64.ActiveCfg = Release|Win32
		{2498133E-22C0-41B4-B778-C184573B96CD}.Release_Static|Win32.ActiveCfg = Release|Win32
		{2498133E-22C0-41B4-B778-C184573B96CD}.Release_Static|Win32.Build.0 = Release|Win32
		{2498133E-22C0-41B4-B778-C184573B96CD}.Release_Static|x64.ActiveCfg = Release|Win32
		{2498133E-22C0-41B4-B778-C184573B96CD}.Release|Win32.ActiveCfg = Release|Win32
		{2498133E-22C0-41B4-B778-C184573B96CD}.Release|Win32.Build.0 = Release|Win32
		{2498133E-22C0-41B4-B778-C184573B96CD}.Release|x64.ActiveCfg = Release|Win32
		{2498133E-22C0-41B4-B778-C184573B96CD}.Template|Win32.ActiveCfg = Release|Win32
		{2498133E-22C0-41B4-B778-C184573B96CD}.Template|Win32.Build.0 = Release|Win32
		{2498133E-22C0-41B4-B778-C184573B96CD}.Template|x64.ActiveCfg = Release|Win32
		{2498133E-22C0-41B4-B778-C184573B96CD}.Unicode Debug|Win32.ActiveCfg = Debug|Win32
		{2498133E-22C0-41B4-B778-C184573B96CD}.Unicode Debug|Win32.Build.0 = Debug|Win32
		{2498133E-22C0-41B4-B778-C184573B96CD}.Unicode Debug|x64.ActiveCfg = Debug|Win32
		{2498133E-22C0-41B4-B778-C184573B96CD}.Unicode Release|Win32.ActiveCfg = Release|Win32
		{2498133E-22C0-41B4-B778-C184573B96CD}.Unicode Release|Win32.Build.0 = Release|Win32
		{2498133E-22C0-41B4-B778-C184573B96CD}.Unicode Release|x64.ActiveCfg = Release|Win32
		{B1A6247E-4DAB-4521-B3A4-9DD11DAE3217}.Debug DLL|Win32.ActiveCfg = Debug|Win32
		{B1A6247E-4DAB-4521-B3A4-9DD11DAE3217}.Debug DLL|Win32.Build.0 = Debug|Win32
		{B1A6247E-4DAB-4521-B3A4-9DD11DAE3217}.Debug DLL|x64.ActiveCfg = Debug|Win32
		{B1A6247E-4DAB-4521-B3A4-9DD11DAE3217}.Debug Static|Win32.ActiveCfg = Debug|Win32
		{B1A6247E-4DAB-4521-B3A4-9DD11DAE3217}.Debug Static|Win32.Build.0 = Debug|Win32
		{B1A6247E-4DAB-4521-B3A4-9DD11DAE3217}.Debug Static|x64.ActiveCfg = Debug|Win32
		{B1A6247E-4DAB-4521-B3A4-9DD11DAE3217}.Debug|Win32.ActiveCfg = Debug|Win32
		{B1A6247E-4DAB-4521-B3A4-9DD11DAE3217}.Debug|Win32.Build.0 = Debug|Win32
		{B1A6247E-4DAB-4521-B3A4-9DD11DAE3217}.Debug|x64.ActiveCfg = Debug|Win32
		{B1A6247E-4DAB-4521-B3A4-9DD11DAE3217}.MFC Debug|Win32.ActiveCfg = Debug|Win32
		{B1A6247E-4DAB-4521-B3A4-9DD11DAE3217}.MFC Debug|Win32.Build.0 = Debug|Win32
		{B1A6247E-4DAB-4521-B3A4-9DD11DAE3217}.MFC Debug|x64.ActiveCfg = Debug|Win32
		{B1A6247E-4DAB-4521-B3A4-9DD11DAE3217}.MFC Release|Win32.ActiveCfg = Release|Win32
		{B1A6247E-4DAB-4521-B3A4-9DD11DAE3217}.MFC Release|Win32.Build.0 = Release|Win32
		{B1A6247E-4DAB-4521-B3A4-9DD11DAE3217}.MFC Release|x64.ActiveCfg = Release|Win32
		{B1A6247E-4DAB-4521-B3A4-9DD11DAE3217}.Release DLL|Win32.ActiveCfg = Release|Win32
		{B1A6247E-4DAB-4521-B3A4-9DD11DAE3217}.Release DLL|Win32.Build.0 = Release|Win32
		{B1A6247E-4DAB-4521-B3A4-9DD11DAE3217}.Release DLL|x64.ActiveCfg = Release|Win32
		{B1A6247E-4DAB-4521-B3A4-9DD11DAE3217}.Release LIB|Win32.ActiveCfg = Release|Win32
		{B1A6247E-4DAB-4521-B3A4-9DD11DAE3217}.Release LIB|Win32.Build.0 = Release|Win32
		{B1A6247E-4DAB-4521-B3A4-9DD11DAE3217}.Release LIB|x64.ActiveCfg = Release|Win32
		{B1A6247E-4DAB-4521-B3A4-9DD11DAE3217}.Release Static|Win32.ActiveCfg = Release|Win32
		{B1A6247E-4DAB-4521-B3A4-9DD11DAE3217}.Release Static|Win32.Build.0 = Release|Win32
		{B1A6247E-4DAB-4521-B3A4-9DD11DAE3217}.Release Static|x64.ActiveCfg = Release|Win32
		{B1A6247E-4DAB-4521-B3A4-9DD11DAE3217}.Release_Static|Win32.ActiveCfg = Release|Win32
		{B1A6247E-4DAB-4521-B3A4-9DD11DAE3217}.Release_Static|Win32.Build.0 = Release|Win32
		{B1A6247E-4DAB-4521-B3A4-9DD11DAE3217}.Release_Static|x64.ActiveCfg = Release|Win32
		{B1A6247E-4DAB-4521-B3A4-9DD11DAE3217}.Release|Win32.ActiveCfg = Release|Win32
		{B1A6247E-4DAB-4521-B3A4-9DD11DAE3217}.Release|Win32.Build.0 = Release|Win32
		{B1A6247E-4DAB-4521-B3A4-9DD11DAE3217}.Release|x64.ActiveCfg = Release|Win32
		{B1A6247E-4DAB-4521-B3A4-9DD11DAE3217}.Template|Win32.ActiveCfg = Template|Win32
		{B1A6247E-4DAB-4521-B3A4-9DD11DAE3217}.Template|Win32.Build.0 = Template|Win32
		{B1A6247E-4DAB-4521-B3A4-9DD11DAE3217}.Template|x64.ActiveCfg = Template|Win32
		{B1A6247E-4DAB-4521-B3A4-9DD11DAE3217}.Unicode Debug|Win32.ActiveCfg = Debug|Win32
		{B1A6247E-4DAB-4521-B3A4-9DD11DAE3217}.Unicode Debug|Win32.Build.0 = Debug|Win32
		{B1A6247E-4DAB-4521-B3A4-9DD11DAE3217}.Unicode Debug|x64.ActiveCfg = Debug|Win32
		{B1A6247E-4DAB-4521-B3A4-9DD11DAE3217}.Unicode Release|Win32.ActiveCfg = Release|Win32
		{B1A6247E-4DAB-4521-B3A4-9DD11DAE3217}.Unicode Release|Win32.Build.0 = Release|Win32
		{B1A6247E-4DAB-4521-B3A4-9DD11DAE3217}.Unicode Release|x64.ActiveCfg = Release|Win32
		{7CDAAB7A-BF5D-40F5-A578-9F5571099080}.Debug DLL|Win32.ActiveCfg = Debug|Win32
		{7CDAAB7A-BF5D-40F5-A578-9F5571099080}.Debug DLL|Win32.Build.0 = Debug|Win32
		{7CDAAB7A-BF5D-40F5-A578-9F5571099080}.Debug DLL|x64.ActiveCfg = Debug|Win32
		{7CDAAB7A-BF5D-40F5-A578-9F5571099080}.Debug Static|Win32.ActiveCfg = Debug|Win32
		{7CDAAB7A-BF5D-40F5-A578-9F5571099080}.Debug Static|Win32.Build.0 = Debug|Win32
		{7CDAAB7A-BF5D-40F5-A578-9F5571099080}.Debug Static|x64.ActiveCfg = Debug|Win32
		{7CDAAB7A-BF5D-40F5-A578-9F5571099080}.Debug|Win32.ActiveCfg = Debug|Win32
		{7CDAAB7A-BF5D-40F5-A578-9F5571099080}.Debug|Win32.Build.0 = Debug|Win32
		{7CDAAB7A-BF5D-40F5-A578-9F5571099080}.Debug|x64.ActiveCfg = Debug|Win32
		{7CDAAB7A-BF5D-40F5-A578-9F5571099080}.MFC Debug|Win32.ActiveCfg = Debug|Win32
		{7CDAAB7A-BF5D-40F5-A578-9F5571099080}.MFC Debug|Win32.Build.0 = Debug|Win32
		{7CDAAB7A-BF5D-40F5-A578-9F5571099080}.MFC Debug|x64.ActiveCfg = Debug|Win32
		{7CDAAB7A-BF5D-40F5-A578-9F5571099080}.MFC Release|Win32.ActiveCfg = Release|Win32
		{7CDAAB7A-BF5D-40F5-A578-9F5571099080}.MFC Release|Win32.Build.0 = Release|Win32
		{7CDAAB7A-BF5D-40F5-A578-9F5571099080}.MFC Release|x64.ActiveCfg = Release|Win32
		{7CDAAB7A-BF5D-40F5-A578-9F5571099080}.Release DLL|Win32.ActiveCfg = Release|Win32
		{7CDAAB7A-BF5D-40F5-A578-9F5571099080}.Release DLL|Win32.Build.0 = Release|Win32
		{7CDAAB7A-BF5D-40F5-A578-9F5571099080}.Release DLL|x64.ActiveCfg = Release|Win32
		{7CDAAB7A-BF5D-40F5-A578-9F5571099080}.Release LIB|Win32.ActiveCfg = Release|Win32
		{7CDAAB7A-BF5D-40F5-A578-9F5571099080}.Release LIB|Win32.Build.0 = Release|Win32
		{7CDAAB7A-BF5D-40F5-A578-9F5571099080}.Release LIB|x64.ActiveCfg = Release|Win32
		{7CDAAB7A-BF5D-40F5-A578-9F5571099080}.Release Static|Win32.ActiveCfg = Release|Win32
		{7CDAAB7A-BF5D-40F5-A578-9F5571099080}.Release Static|Win32.Build.0 = Release|Win32
		{7CDAAB7A-BF5D-40F5-A578-9F5571099080}.Release Static|x64.ActiveCfg = Release|Win32
		{7CDAAB7A-BF5D-40F5-A578-9F5571099080}.Release_Static|Win32.ActiveCfg = Release|Win32
		{7CDAAB7A-BF5D-40F5-A578-9F5571099080}.Release_Static|Win32.Build.0 = Release|Win32
		{7CDAAB7A-BF5D-40F5-A578-9F5571099080}.Release_Static|x64.ActiveCfg = Release|Win32
		{7CDAAB7A-BF5D-40F5-A578-9F5571099080}.Release|Win32.ActiveCfg = Release|Win32
		{7CDAAB7A-BF5D-40F5-A578-9F5571099080}.Release|Win32.Build.0 = Release|Win32
		{7CDAAB7A-BF5D-40F5-A578-9F5571099080}.Release|x64.ActiveCfg = Release|Win32
		{7CDAAB7A-BF5D-40F5-A578-9F5571099080}.Template|Win32.ActiveCfg = Release|Win32
		{7CDAAB7A-BF5D-40F5-A578-9F5571099080}.Template|Win32.Build.0 = Release|Win32
		{7CDAAB7A-BF5D-40F5-A578-9F5571099080}.Template|x64.ActiveCfg = Release|Win32
		{7CDAAB7A-BF5D-40F5-A578-9F5571099080}.Unicode Debug|Win32.ActiveCfg = Debug|Win32
		{7CDAAB7A-BF5D-40F5-A578-9F5571099080}.Unicode Debug|Win32.Build.0 = Debug|Win32
		{7CDAAB7A-BF5D-40F5-A578-9F5571099080}.Unicode Debug|x64.ActiveCfg = Debug|Win32
		{7CDAAB7A-BF5D-40F5-A578-9F5571099080}.Unicode Release|Win32.ActiveCfg = Release|Win32
		{7CDAAB7A-BF5D-40F5-A578-9F5571099080}.Unicode Release|Win32.Build.0 = Release|Win32
		{7CDAAB7A-BF5D-40F5-A578-9F5571099080}.Unicode Release|x64.ActiveCfg = Release|Win32
		{BC22FABC-713B-4BD2-8E09-1B006A7D4794}.Debug DLL|Win32.ActiveCfg = Debug|Win32
		{BC22FABC-713B-4BD2-8E09-1B006A7D4794}.Debug DLL|Win32.Build.0 = Debug|Win32
		{BC22FABC-713B-4BD2-8E09-1B006A7D4794}.Debug DLL|x64.ActiveCfg = Debug|Win32
		{BC22FABC-713B-4BD2-8E09-1B006A7D4794}.Debug Static|Win32.ActiveCfg = Debug|Win32
		{BC22FABC-713B-4BD2-8E09-1B006A7D4794}.Debug Static|Win32.Build.0 = Debug|Win32
		{BC22FABC-713B-4BD2-8E09-1B006A7D4794}.Debug Static|x64.ActiveCfg = Debug|Win32
		{BC22FABC-713B-4BD2-8E09-1B006A7D4794}.Debug|Win32.ActiveCfg = Debug|Win32
		{BC22FABC-713B-4BD2-8E09-1B006A7D4794}.Debug|Win32.Build.0 = Debug|Win32
		{BC22FABC-713B-4BD2-8E09-1B006A7D4794}.Debug|x64.ActiveCfg = Debug|Win32
		{BC22FABC-713B-4BD2-8E09-1B006A7D4794}.MFC Debug|Win32.ActiveCfg = Debug|Win32
		{BC22FABC-713B-4BD2-8E09-1B006A7D4794}.MFC Debug|Win32.Build.0 = Debug|Win32
		{BC22FABC-713B-4BD2-8E09-1B006A7D4794}.MFC Debug|x64.ActiveCfg = Debug|Win32
		{BC22FABC-713B-4BD2-8E09-1B006A7D4794}.MFC Release|Win32.ActiveCfg = Release|Win32
		{BC22FABC-713B-4BD2-8E09-1B006A7D4794}.MFC Release|Win32.Build.0 = Release|Win32
		{BC22FABC-713B-4BD2-8E09-1B006A7D4794}.MFC Release|x64.ActiveCfg = Release|Win32
		{BC22FABC-713B-4BD2-8E09-1B006A7D4794}.Release DLL|Win32.ActiveCfg = Release|Win32
		{BC22FABC-713B-4BD2-8E09-1B006A7D4794}.Release DLL|Win32.Build.0 = Release|Win32
		{BC22FABC-713B-4BD2-8E09-1B006A7D4794}.Release DLL|x64.ActiveCfg = Release|Win32
		{BC22FABC-713B-4BD2-8E09-1B006A7D4794}.Release LIB|Win32.ActiveCfg = Release|Win32
		{BC22FABC-713B-4BD2-8E09-1B006A7D4794}.Release LIB|Win32.Build.0 = Release|Win32
		{BC22FABC-713B-4BD2-8E09-1B006A7D4794}.Release LIB|x64.ActiveCfg = Release|Win32
		{BC22FABC-713B-4BD2-8E09-1B006A7D4794}.Release Static|Win32.ActiveCfg = Release|Win32
		{BC22FABC-713B-4BD2-8E09-1B006A7D4794}.Release Static|Win32.Build.0 = Release|Win32
		{BC22FABC-713B-4BD2-8E09-1B006A7D4794}.Release Static|x64.ActiveCfg = Release|Win32
		{BC22FABC-713B-4BD2-8E09-1B006A7D4794}.Release_Static|Win32.ActiveCfg = Release|Win32
		{BC22FABC-713B-4BD2-8E09-1B006A7D4794}.Release_Static|Win32.Build.0 = Release|Win32
		{BC22FABC-713B-4BD2-8E09-1B006A7D4794}.Release_Static|x64.ActiveCfg = Release|Win32
		{BC22FABC-713B-4BD2-8E09-1B006A7D4794}.Release|Win32.ActiveCfg = Release|Win32
		{BC22FABC-713B-4BD2-8E09-1B006A7D4794}.Release|Win32.Build.0 = Release|Win32
		{BC22FABC-713B-4BD2-8E09-1B006A7D4794}.Release|x64.ActiveCfg = Release|Win32
		{BC22FABC-713B-4BD2-8E09-1B006A7D4794}.Template|Win32.ActiveCfg = Release|Win32
		{BC22FABC-713B-4BD2-8E09-1B006A7D4794}.Template|Win32.Build.0 = Release|Win32
		{BC22FABC-713B-4BD2-8E09-1B006A7D4794}.Template|x64.ActiveCfg = Release|Win32
		{BC22FABC-713B-4BD2-8E09-1B006A7D4794}.Unicode Debug|Win32.ActiveCfg = Debug|Win32
		{BC22FABC-713B-4BD2-8E09-1B006A7D4794}.Unicode Debug|Win32.Build.0 = Debug|Win32
		{BC22FABC-713B-4BD2-8E09-1B006A7D4794}.Unicode Debug|x64.ActiveCfg = Debug|Win32
		{BC22FABC-713B-4BD2-8E09-1B006A7D4794}.Unicode Release|Win32.ActiveCfg = Release|Win32
		{BC22FABC-713B-4BD2-8E09-1B006A7D4794}.Unicode Release|Win32.Build.0 = Release|Win32
		{BC22FABC-713B-4BD2-8E09-1B006A7D4794}.Unicode Release|x64.ActiveCfg = Release|Win32
		{D4F3CF7B-C738-472F-96DF-8C41E16E10A0}.Debug DLL|Win32.ActiveCfg = Debug|Win32
		{D4F3CF7B-C738-472F-96DF-8C41E16E10A0}.Debug DLL|Win32.Build.0 = Debug|Win32
		{D4F3CF7B-C738-472F-96DF-8C41E16E10A0}.Debug DLL|x64.ActiveCfg = Debug|Win32
		{D4F3CF7B-C738-472F-96DF-8C41E16E10A0}.Debug Static|Win32.ActiveCfg = Debug|Win32
		{D4F3CF7B-C738-472F-96DF-8C41E16E10A0}.Debug Static|Win32.Build.0 = Debug|Win32
		{D4F3CF7B-C738-472F-96DF-8C41E16E10A0}.Debug Static|x64.ActiveCfg = Debug|Win32
		{D4F3CF7B-C738-472F-96DF-8C41E16E10A0}.Debug|Win32.ActiveCfg = Debug|Win32
		{D4F3CF7B-C738-472F-96DF-8C41E16E10A0}.Debug|Win32.Build.0 = Debug|Win32
		{D4F3CF7B-C738-472F-96DF-8C41E16E10A0}.Debug|x64.ActiveCfg = Debug|Win32
		{D4F3CF7B-C738-472F-96DF-8C41E16E10A0}.MFC Debug|Win32.ActiveCfg = Debug|Win32
		{D4F3CF7B-C738-472F-96DF-8C41E16E10A0}.MFC Debug|Win32.Build.0 = Debug|Win32
		{D4F3CF7B-C738-472F-96DF-8C41E16E10A0}.MFC Debug|x64.ActiveCfg = Debug|Win32
		{D4F3CF7B-C738-472F-96DF-8C41E16E10A0}.MFC Release|Win32.ActiveCfg = Release|Win32
		{D4F3CF7B-C738-472F-96DF-8C41E16E10A0}.MFC Release|Win32.Build.0 = Release|Win32
		{D4F3CF7B-C738-472F-96DF-8C41E16E10A0}.MFC Release|x64.ActiveCfg = Release|Win32
		{D4F3CF7B-C738-472F-96DF-8C41E16E10A0}.Release DLL|Win32.ActiveCfg = Release|Win32
		{D4F3CF7B-C738-472F-96DF-8C41E16E10A0}.Release DLL|Win32.Build.0 = Release|Win32
		{D4F3CF7B-C738-472F-96DF-8C41E16E10A0}.Release DLL|x64.ActiveCfg = Release|Win32
		{D4F3CF7B-C738-472F-96DF-8C41E16E10A0}.Release LIB|Win32.ActiveCfg = Release|Win32
		{D4F3CF7B-C738-472F-96DF-8C41E16E10A0}.Release LIB|Win32.Build.0 = Release|Win32
		{D4F3CF7B-C738-472F-96DF-8C41E16E10A0}.Release LIB|x64.ActiveCfg = Release|Win32
		{D4F3CF7B-C738-472F-96DF-8C41E16E10A0}.Release Static|Win32.ActiveCfg = Release|Win32
		{D4F3CF7B-C738-472F-96DF-8C41E16E10A0}.Release Static|Win32.Build.0 = Release|Win32
		{D4F3CF7B-C738-472F-96DF-8C41E16E10A0}.Release Static|x64.ActiveCfg = Release|Win32
		{D4F3CF7B-C738-472F-96DF-8C41E16E10A0}.Release_Static|Win32.ActiveCfg = Release|Win32
		{D4F3CF7B-C738-472F-96DF-8C41E16E10A0}.Release_Static|Win32.Build.0 = Release|Win32
		{D4F3CF7B-C738-472F-96DF-8C41E16E10A0}.Release_Static|x64.ActiveCfg = Release|Win32
		{D4F3CF7B-C738-472F-96DF-8C41E16E10A0}.Release|Win32.ActiveCfg = Release|Win32
		{D4F3CF7B-C738-472F-96DF-8C41E16E10A0}.Release|Win32.Build.0 = Release|Win32
		{D4F3CF7B-C738-472F-96DF-8C41E16E10A0}.Release|x64.ActiveCfg = Release|Win32
		{D4F3CF7B-C738-472F-96DF-8C41E16E10A0}.Template|Win32.ActiveCfg = Unicode Release|Win32
		{D4F3CF7B-C738-472F-96DF-8C41E16E10A0}.Template|Win32.Build.0 = Unicode Release|Win32
		{D4F3CF7B-C738-472F-96DF-8C41E16E10A0}.Template|x64.ActiveCfg = Unicode Release|Win32
		{D4F3CF7B-C738-472F-96DF-8C41E16E10A0}.Unicode Debug|Win32.ActiveCfg = Unicode Debug|Win32
		{D4F3CF7B-C738-472F-96DF-8C41E16E10A0}.Unicode Debug|Win32.Build.0 = Unicode Debug|Win32
		{D4F3CF7B-C738-472F-96DF-8C41E16E10A0}.Unicode Debug|x64.ActiveCfg = Unicode Debug|Win32
		{D4F3CF7B-C738-472F-96DF-8C41E16E10A0}.Unicode Release|Win32.ActiveCfg = Unicode Release|Win32
		{D4F3CF7B-C738-472F-96DF-8C41E16E10A0}.Unicode Release|Win32.Build.0 = Unicode Release|Win32
		{D4F3CF7B-C738-472F-96DF-8C41E16E10A0}.Unicode Release|x64.ActiveCfg = Unicode Release|Win32
		{05EBF2E8-DB58-4366-A986-129D4B4DB0E3}.Debug DLL|Win32.ActiveCfg = Debug|Win32
		{05EBF2E8-DB58-4366-A986-129D4B4DB0E3}.Debug DLL|Win32.Build.0 = Debug|Win32
		{05EBF2E8-DB58-4366-A986-129D4B4DB0E3}.Debug DLL|x64.ActiveCfg = Debug|Win32
		{05EBF2E8-DB58-4366-A986-129D4B4DB0E3}.Debug Static|Win32.ActiveCfg = Debug|Win32
		{05EBF2E8-DB58-4366-A986-129D4B4DB0E3}.Debug Static|Win32.Build.0 = Debug|Win32
		{05EBF2E8-DB58-4366-A986-129D4B4DB0E3}.Debug Static|x64.ActiveCfg = Debug|Win32
		{05EBF2E8-DB58-4366-A986-129D4B4DB0E3}.Debug|Win32.ActiveCfg = Debug|Win32
		{05EBF2E8-DB58-4366-A986-129D4B4DB0E3}.Debug|Win32.Build.0 = Debug|Win32
		{05EBF2E8-DB58-4366-A986-129D4B4DB0E3}.Debug|x64.ActiveCfg = Debug|Win32
		{05EBF2E8-DB58-4366-A986-129D4B4DB0E3}.MFC Debug|Win32.ActiveCfg = Debug|Win32
		{05EBF2E8-DB58-4366-A986-129D4B4DB0E3}.MFC Debug|Win32.Build.0 = Debug|Win32
		{05EBF2E8-DB58-4366-A986-129D4B4DB0E3}.MFC Debug|x64.ActiveCfg = Debug|Win32
		{05EBF2E8-DB58-4366-A986-129D4B4DB0E3}.MFC Release|Win32.ActiveCfg = Release|Win32
		{05EBF2E8-DB58-4366-A986-129D4B4DB0E3}.MFC Release|Win32.Build.0 = Release|Win32
		{05EBF2E8-DB58-4366-A986-129D4B4DB0E3}.MFC Release|x64.ActiveCfg = Release|Win32
		{05EBF2E8-DB58-4366-A986-129D4B4DB0E3}.Release DLL|Win32.ActiveCfg = Release|Win32
		{05EBF2E8-DB58-4366-A986-129D4B4DB0E3}.Release DLL|Win32.Build.0 = Release|Win32
		{05EBF2E8-DB58-4366-A986-129D4B4DB0E3}.Release DLL|x64.ActiveCfg = Release|Win32
		{05EBF2E8-DB58-4366-A986-129D4B4DB0E3}.Release LIB|Win32.ActiveCfg = Release|Win32
		{05EBF2E8-DB58-4366-A986-129D4B4DB0E3}.Release LIB|Win32.Build.0 = Release|Win32
		{05EBF2E8-DB58-4366-A986-129D4B4DB0E3}.Release LIB|x64.ActiveCfg = Release|Win32
		{05EBF2E8-DB58-4366-A986-129D4B4DB0E3}.Release Static|Win32.ActiveCfg = Release|Win32
		{05EBF2E8-DB58-4366-A986-129D4B4DB0E3}.Release Static|Win32.Build.0 = Release|Win32
		{05EBF2E8-DB58-4366-A986-129D4B4DB0E3}.Release Static|x64.ActiveCfg = Release|Win32
		{05EBF2E8-DB58-4366-A986-129D4B4DB0E3}.Release_Static|Win32.ActiveCfg = Release|Win32
		{05EBF2E8-DB58-4366-A986-129D4B4DB0E3}.Release_Static|Win32.Build.0 = Release|Win32
		{05EBF2E8-DB58-4366-A986-129D4B4DB0E3}.Release_Static|x64.ActiveCfg = Release|Win32
		{05EBF2E8-DB58-4366-A986-129D4B4DB0E3}.Release|Win32.ActiveCfg = Release|Win32
		{05EBF2E8-DB58-4366-A986-129D4B4DB0E3}.Release|Win32.Build.0 = Release|Win32
		{05EBF2E8-DB58-4366-A986-129D4B4DB0E3}.Release|x64.ActiveCfg = Release|Win32
		{05EBF2E8-DB58-4366-A986-129D4B4DB0E3}.Template|Win32.ActiveCfg = Release|Win32
		{05EBF2E8-DB58-4366-A986-129D4B4DB0E3}.Template|Win32.Build.0 = Release|Win32
		{05EBF2E8-DB58-4366-A986-129D4B4DB0E3}.Template|x64.ActiveCfg = Release|Win32
		{05EBF2E8-DB58-4366-A986-129D4B4DB0E3}.Unicode Debug|Win32.ActiveCfg = Debug|Win32
		{05EBF2E8-DB58-4366-A986-129D4B4DB0E3}.Unicode Debug|Win32.Build.0 = Debug|Win32
		{05EBF2E8-DB58-4366-A986-129D4B4DB0E3}.Unicode Debug|x64.ActiveCfg = Debug|Win32
		{05EBF2E8-DB58-4366-A986-129D4B4DB0E3}.Unicode Release|Win32.ActiveCfg = Release|Win32
		{05EBF2E8-DB58-4366-A986-129D4B4DB0E3}.Unicode Release|Win32.Build.0 = Release|Win32
		{05EBF2E8-DB58-4366-A986-129D4B4DB0E3}.Unicode Release|x64.ActiveCfg = Release|Win32
		{612C76DD-C692-40DE-BC8B-A275E1EC2CEE}.Debug DLL|Win32.ActiveCfg = Debug|Win32
		{612C76DD-C692-40DE-BC8B-A275E1EC2CEE}.Debug DLL|Win32.Build.0 = Debug|Win32
		{612C76DD-C692-40DE-BC8B-A275E1EC2CEE}.Debug DLL|x64.ActiveCfg = Debug|Win32
		{612C76DD-C692-40DE-BC8B-A275E1EC2CEE}.Debug Static|Win32.ActiveCfg = Debug|Win32
		{612C76DD-C692-40DE-BC8B-A275E1EC2CEE}.Debug Static|Win32.Build.0 = Debug|Win32
		{612C76DD-C692-40DE-BC8B-A275E1EC2CEE}.Debug Static|x64.ActiveCfg = Debug|Win32
		{612C76DD-C692-40DE-BC8B-A275E1EC2CEE}.Debug|Win32.ActiveCfg = Debug|Win32
		{612C76DD-C692-40DE-BC8B-A275E1EC2CEE}.Debug|Win32.Build.0 = Debug|Win32
		{612C76DD-C692-40DE-BC8B-A275E1EC2CEE}.Debug|x64.ActiveCfg = Debug|Win32
		{612C76DD-C692-40DE-BC8B-A275E1EC2CEE}.MFC Debug|Win32.ActiveCfg = Debug|Win32
		{612C76DD-C692-40DE-BC8B-A275E1EC2CEE}.MFC Debug|Win32.Build.0 = Debug|Win32
		{612C76DD-C692-40DE-BC8B-A275E1EC2CEE}.MFC Debug|x64.ActiveCfg = Debug|Win32
		{612C76DD-C692-40DE-BC8B-A275E1EC2CEE}.MFC Release|Win32.ActiveCfg = Release|Win32
		{612C76DD-C692-40DE-BC8B-A275E1EC2CEE}.MFC Release|Win32.Build.0 = Release|Win32
		{612C76DD-C692-40DE-BC8B-A275E1EC2CEE}.MFC Release|x64.ActiveCfg = Release|Win32
		{612C76DD-C692-40DE-BC8B-A275E1EC2CEE}.Release DLL|Win32.ActiveCfg = Release|Win32
		{612C76DD-C692-40DE-BC8B-A275E1EC2CEE}.Release DLL|Win32.Build.0 = Release|Win32
		{612C76DD-C692-40DE-BC8B-A275E1EC2CEE}.Release DLL|x64.ActiveCfg = Release|Win32
		{612C76DD-C692-40DE-BC8B-A275E1EC2CEE}.Release LIB|Win32.ActiveCfg = Release|Win32
		{612C76DD-C692-40DE-BC8B-A275E1EC2CEE}.Release LIB|Win32.Build.0 = Release|Win32
		{612C76DD-C692-40DE-BC8B-A275E1EC2CEE}.Release LIB|x64.ActiveCfg = Release|Win32
		{612C76DD-C692-40DE-BC8B-A275E1EC2CEE}.Release Static|Win32.ActiveCfg = Release|Win32
		{612C76DD-C692-40DE-BC8B-A275E1EC2CEE}.Release Static|Win32.Build.0 = Release|Win32
		{612C76DD-C692-40DE-BC8B-A275E1EC2CEE}.Release Static|x64.ActiveCfg = Release|Win32
		{612C76DD-C692-40DE-BC8B-A275E1EC2CEE}.Release_Static|Win32.ActiveCfg = Release|Win32
		{612C76DD-C692-40DE-BC8B-A275E1EC2CEE}.Release_Static|Win32.Build.0 = Release|Win32
		{612C76DD-C692-40DE-BC8B-A275E1EC2CEE}.Release_Static|x64.ActiveCfg = Release|Win32
		{612C76DD-C692-40DE-BC8B-A275E1EC2CEE}.Release|Win32.ActiveCfg = Release|Win32
		{612C76DD-C692-40DE-BC8B-A275E1EC2CEE}.Release|Win32.Build.0 = Release|Win32
		{612C76DD-C692-40DE-BC8B-A275E1EC2CEE}.Release|x64.ActiveCfg = Release|Win32
		{612C76DD-C692-40DE-BC8B-A275E1EC2CEE}.Template|Win32.ActiveCfg = Release|Win32
		{612C76DD-C692-40DE-BC8B-A275E1EC2CEE}.Template|Win32.Build.0 = Release|Win32
		{612C76DD-C692-40DE-BC8B-A275E1EC2CEE}.Template|x64.ActiveCfg = Release|Win32
		{612C76DD-C692-40DE-BC8B-A275E1EC2CEE}.Unicode Debug|Win32.ActiveCfg = Debug|Win32
		{612C76DD-C692-40DE-BC8B-A275E1EC2CEE}.Unicode Debug|Win32.Build.0 = Debug|Win32
		{612C76DD-C692-40DE-BC8B-A275E1EC2CEE}.Unicode Debug|x64.ActiveCfg = Debug|Win32
		{612C76DD-C692-40DE-BC8B-A275E1EC2CEE}.Unicode Release|Win32.ActiveCfg = Release|Win32
		{612C76DD-C692-40DE-BC8B-A275E1EC2CEE}.Unicode Release|Win32.Build.0 = Release|Win32
		{612C76DD-C692-40DE-BC8B-A275E1EC2CEE}.Unicode Release|x64.ActiveCfg = Release|Win32
		{7BEB1945-5C92-4474-941B-BCF3A2AD3B28}.Debug DLL|Win32.ActiveCfg = Debug|Win32
		{7BEB1945-5C92-4474-941B-BCF3A2AD3B28}.Debug DLL|Win32.Build.0 = Debug|Win32
		{7BEB1945-5C92-4474-941B-BCF3A2AD3B28}.Debug DLL|x64.ActiveCfg = Debug|Win32
		{7BEB1945-5C92-4474-941B-BCF3A2AD3B28}.Debug Static|Win32.ActiveCfg = Debug|Win32
		{7BEB1945-5C92-4474-941B-BCF3A2AD3B28}.Debug Static|Win32.Build.0 = Debug|Win32
		{7BEB1945-5C92-4474-941B-BCF3A2AD3B28}.Debug Static|x64.ActiveCfg = Debug|Win32
		{7BEB1945-5C92-4474-941B-BCF3A2AD3B28}.Debug|Win32.ActiveCfg = Debug|Win32
		{7BEB1945-5C92-4474-941B-BCF3A2AD3B28}.Debug|Win32.Build.0 = Debug|Win32
		{7BEB1945-5C92-4474-941B-BCF3A2AD3B28}.Debug|x64.ActiveCfg = Debug|Win32
		{7BEB1945-5C92-4474-941B-BCF3A2AD3B28}.MFC Debug|Win32.ActiveCfg = Debug|Win32
		{7BEB1945-5C92-4474-941B-BCF3A2AD3B28}.MFC Debug|Win32.Build.0 = Debug|Win32
		{7BEB1945-5C92-4474-941B-BCF3A2AD3B28}.MFC Debug|x64.ActiveCfg = Debug|Win32
		{7BEB1945-5C92-4474-941B-BCF3A2AD3B28}.MFC Release|Win32.ActiveCfg = Release|Win32
		{7BEB1945-5C92-4474-941B-BCF3A2AD3B28}.MFC Release|Win32.Build.0 = Release|Win32
		{7BEB1945-5C92-4474-941B-BCF3A2AD3B28}.MFC Release|x64.ActiveCfg = Release|Win32
		{7BEB1945-5C92-4474-941B-BCF3A2AD3B28}.Release DLL|Win32.ActiveCfg = Release|Win32
		{7BEB1945-5C92-4474-941B-BCF3A2AD3B28}.Release DLL|Win32.Build.0 = Release|Win32
		{7BEB1945-5C92-4474-941B-BCF3A2AD3B28}.Release DLL|x64.ActiveCfg = Release|Win32
		{7BEB1945-5C92-4474-941B-BCF3A2AD3B28}.Release LIB|Win32.ActiveCfg = Release|Win32
		{7BEB1945-5C92-4474-941B-BCF3A2AD3B28}.Release LIB|Win32.Build.0 = Release|Win32
		{7BEB1945-5C92-4474-941B-BCF3A2AD3B28}.Release LIB|x64.ActiveCfg = Release|Win32
		{7BEB1945-5C92-4474-941B-BCF3A2AD3B28}.Release Static|Win32.ActiveCfg = Release|Win32
		{7BEB1945-5C92-4474-941B-BCF3A2AD3B28}.Release Static|Win32.Build.0 = Release|Win32
		{7BEB1945-5C92-4474-941B-BCF3A2AD3B28}.Release Static|x64.ActiveCfg = Release|Win32
		{7BEB1945-5C92-4474-941B-BCF3A2AD3B28}.Release_Static|Win32.ActiveCfg = Release|Win32
		{7BEB1945-5C92-4474-941B-BCF3A2AD3B28}.Release_Static|Win32.Build.0 = Release|Win32
		{7BEB1945-5C92-4474-941B-BCF3A2AD3B28}.Release_Static|x64.ActiveCfg = Release|Win32
		{7BEB1945-5C92-4474-941B-BCF3A2AD3B28}.Release|Win32.ActiveCfg = Release|Win32
		{7BEB1945-5C92-4474-941B-BCF3A2AD3B28}.Release|Win32.Build.0 = Release|Win32
		{7BEB1945-5C92-4474-941B-BCF3A2AD3B28}.Release|x64.ActiveCfg = Release|Win32
		{7BEB1945-5C92-4474-941B-BCF3A2AD3B28}.Template|Win32.ActiveCfg = Release|Win32
		{7BEB1945-5C92-4474-941B-BCF3A2AD3B28}.Template|Win32.Build.0 = Release|Win32
		{7BEB1945-5C92-4474-941B-BCF3A2AD3B28}.Template|x64.ActiveCfg = Release|Win32
		{7BEB1945-5C92-4474-941B-BCF3A2AD3B28}.Unicode Debug|Win32.ActiveCfg = Debug|Win32
		{7BEB1945-5C92-4474-941B-BCF3A2AD3B28}.Unicode Debug|Win32.Build.0 = Debug|Win32
		{7BEB1945-5C92-4474-941B-BCF3A2AD3B28}.Unicode Debug|x64.ActiveCfg = Debug|Win32
		{7BEB1945-5C92-4474-941B-BCF3A2AD3B28}.Unicode Release|Win32.ActiveCfg = Release|Win32
		{7BEB1945-5C92-4474-941B-BCF3A2AD3B28}.Unicode Release|Win32.Build.0 = Release|Win32
		{7BEB1945-5C92-4474-941B-BCF3A2AD3B28}.Unicode Release|x64.ActiveCfg = Release|Win32
		{624D4945-3908-4587-8C74-0A7C20B81568}.Debug DLL|Win32.ActiveCfg = Debug|Win32
		{624D4945-3908-4587-8C74-0A7C20B81568}.Debug DLL|Win32.Build.0 = Debug|Win32
		{624D4945-3908-4587-8C74-0A7C20B81568}.Debug DLL|x64.ActiveCfg = Debug|Win32
		{624D4945-3908-4587-8C74-0A7C20B81568}.Debug Static|Win32.ActiveCfg = Debug|Win32
		{624D4945-3908-4587-8C74-0A7C20B81568}.Debug Static|Win32.Build.0 = Debug|Win32
		{624D4945-3908-4587-8C74-0A7C20B81568}.Debug Static|x64.ActiveCfg = Debug|Win32
		{624D4945-3908-4587-8C74-0A7C20B81568}.Debug|Win32.ActiveCfg = Debug|Win32
		{624D4945-3908-4587-8C74-0A7C20B81568}.Debug|Win32.Build.0 = Debug|Win32
		{624D4945-3908-4587-8C74-0A7C20B81568}.Debug|x64.ActiveCfg = Debug|Win32
		{624D4945-3908-4587-8C74-0A7C20B81568}.MFC Debug|Win32.ActiveCfg = Debug|Win32
		{624D4945-3908-4587-8C74-0A7C20B81568}.MFC Debug|Win32.Build.0 = Debug|Win32
		{624D4945-3908-4587-8C74-0A7C20B81568}.MFC Debug|x64.ActiveCfg = Debug|Win32
		{624D4945-3908-4587-8C74-0A7C20B81568}.MFC Release|Win32.ActiveCfg = Release|Win32
		{624D4945-3908-4587-8C74-0A7C20B81568}.MFC Release|Win32.Build.0 = Release|Win32
		{624D4945-3908-4587-8C74-0A7C20B81568}.MFC Release|x64.ActiveCfg = Release|Win32
		{624D4945-3908-4587-8C74-0A7C20B81568}.Release DLL|Win32.ActiveCfg = Release|Win32
		{624D4945-3908-4587-8C74-0A7C20B81568}.Release DLL|Win32.Build.0 = Release|Win32
		{624D4945-3908-4587-8C74-0A7C20B81568}.Release DLL|x64.ActiveCfg = Release|Win32
		{624D4945-3908-4587-8C74-0A7C20B81568}.Release LIB|Win32.ActiveCfg = Release|Win32
		{624D4945-3908-4587-8C74-0A7C20B81568}.Release LIB|Win32.Build.0 = Release|Win32
		{624D4945-3908-4587-8C74-0A7C20B81568}.Release LIB|x64.ActiveCfg = Release|Win32
		{624D4945-3908-4587-8C74-0A7C20B81568}.Release Static|Win32.ActiveCfg = Release|Win32
		{624D4945-3908-4587-8C74-0A7C20B81568}.Release Static|Win32.Build.0 = Release|Win32
		{624D4945-3908-4587-8C74-0A7C20B81568}.Release Static|x64.ActiveCfg = Release|Win32
		{624D4945-3908-4587-8C74-0A7C20B81568}.Release_Static|Win32.ActiveCfg = Release|Win32
		{624D4945-3908-4587-8C74-0A7C20B81568}.Release_Static|Win32.Build.0 = Release|Win32
		{624D4945-3908-4587-8C74-0A7C20B81568}.Release_Static|x64.ActiveCfg = Release|Win32
		{624D4945-3908-4587-8C74-0A7C20B81568}.Release|Win32.ActiveCfg = Release|Win32
		{624D4945-3908-4587-8C74-0A7C20B81568}.Release|Win32.Build.0 = Release|Win32
		{624D4945-3908-4587-8C74-0A7C20B81568}.Release|x64.ActiveCfg = Release|Win32
		{624D4945-3908-4587-8C74-0A7C20B81568}.Template|Win32.ActiveCfg = Release|Win32
		{624D4945-3908-4587-8C74-0A7C20B81568}.Template|Win32.Build.0 = Release|Win32
		{624D4945-3908-4587-8C74-0A7C20B81568}.Template|x64.ActiveCfg = Release|Win32
		{624D4945-3908-4587-8C74-0A7C20B81568}.Unicode Debug|Win32.ActiveCfg = Debug|Win32
		{624D4945-3908-4587-8C74-0A7C20B81568}.Unicode Debug|Win32.Build.0 = Debug|Win32
		{624D4945-3908-4587-8C74-0A7C20B81568}.Unicode Debug|x64.ActiveCfg = Debug|Win32
		{624D4945-3908-4587-8C74-0A7C20B81568}.Unicode Release|Win32.ActiveCfg = Release|Win32
		{624D4945-3908-4587-8C74-0A7C20B81568}.Unicode Release|Win32.Build.0 = Release|Win32
		{624D4945-3908-4587-8C74-0A7C20B81568}.Unicode Release|x64.ActiveCfg = Release|Win32
		{B094261C-6E7E-4117-9A2F-DAD3565CF2BB}.Debug DLL|Win32.ActiveCfg = Debug|Win32
		{B094261C-6E7E-4117-9A2F-DAD3565CF2BB}.Debug DLL|Win32.Build.0 = Debug|Win32
		{B094261C-6E7E-4117-9A2F-DAD3565CF2BB}.Debug DLL|x64.ActiveCfg = Debug|Win32
		{B094261C-6E7E-4117-9A2F-DAD3565CF2BB}.Debug Static|Win32.ActiveCfg = Debug|Win32
		{B094261C-6E7E-4117-9A2F-DAD3565CF2BB}.Debug Static|Win32.Build.0 = Debug|Win32
		{B094261C-6E7E-4117-9A2F-DAD3565CF2BB}.Debug Static|x64.ActiveCfg = Debug|Win32
		{B094261C-6E7E-4117-9A2F-DAD3565CF2BB}.Debug|Win32.ActiveCfg = Debug|Win32
		{B094261C-6E7E-4117-9A2F-DAD3565CF2BB}.Debug|Win32.Build.0 = Debug|Win32
		{B094261C-6E7E-4117-9A2F-DAD3565CF2BB}.Debug|x64.ActiveCfg = Debug|Win32
		{B094261C-6E7E-4117-9A2F-DAD3565CF2BB}.MFC Debug|Win32.ActiveCfg = Debug|Win32
		{B094261C-6E7E-4117-9A2F-DAD3565CF2BB}.MFC Debug|Win32.Build.0 = Debug|Win32
		{B094261C-6E7E-4117-9A2F-DAD3565CF2BB}.MFC Debug|x64.ActiveCfg = Debug|Win32
		{B094261C-6E7E-4117-9A2F-DAD3565CF2BB}.MFC Release|Win32.ActiveCfg = Release|Win32
		{B094261C-6E7E-4117-9A2F-DAD3565CF2BB}.MFC Release|Win32.Build.0 = Release|Win32
		{B094261C-6E7E-4117-9A2F-DAD3565CF2BB}.MFC Release|x64.ActiveCfg = Release|Win32
		{B094261C-6E7E-4117-9A2F-DAD3565CF2BB}.Release DLL|Win32.ActiveCfg = Release|Win32
		{B094261C-6E7E-4117-9A2F-DAD3565CF2BB}.Release DLL|Win32.Build.0 = Release|Win32
		{B094261C-6E7E-4117-9A2F-DAD3565CF2BB}.Release DLL|x64.ActiveCfg = Release|Win32
		{B094261C-6E7E-4117-9A2F-DAD3565CF2BB}.Release LIB|Win32.ActiveCfg = Release|Win32
		{B094261C-6E7E-4117-9A2F-DAD3565CF2BB}.Release LIB|Win32.Build.0 = Release|Win32
		{B094261C-6E7E-4117-9A2F-DAD3565CF2BB}.Release LIB|x64.ActiveCfg = Release|Win32
		{B094261C-6E7E-4117-9A2F-DAD3565CF2BB}.Release Static|Win32.ActiveCfg = Release|Win32
		{B094261C-6E7E-4117-9A2F-DAD3565CF2BB}.Release Static|Win32.Build.0 = Release|Win32
		{B094261C-6E7E-4117-9A2F-DAD3565CF2BB}.Release Static|x64.ActiveCfg = Release|Win32
		{B094261C-6E7E-4117-9A2F-DAD3565CF2BB}.Release_Static|Win32.ActiveCfg = Release|Win32
		{B094261C-6E7E-4117-9A2F-DAD3565CF2BB}.Release_Static|Win32.Build.0 = Release|Win32
		{B094261C-6E7E-4117-9A2F-DAD3565CF2BB}.Release_Static|x64.ActiveCfg = Release|Win32
		{B094261C-6E7E-4117-9A2F-DAD3565CF2BB}.Release|Win32.ActiveCfg = Release|Win32
		{B094261C-6E7E-4117-9A2F-DAD3565CF2BB}.Release|Win32.Build.0 = Release|Win32
		{B094261C-6E7E-4117-9A2F-DAD3565CF2BB}.Release|x64.ActiveCfg = Release|Win32
		{B094261C-6E7E-4117-9A2F-DAD3565CF2BB}.Template|Win32.ActiveCfg = Release|Win32
		{B094261C-6E7E-4117-9A2F-DAD3565CF2BB}.Template|Win32.Build.0 = Release|Win32
		{B094261C-6E7E-4117-9A2F-DAD3565CF2BB}.Template|x64.ActiveCfg = Release|Win32
		{B094261C-6E7E-4117-9A2F-DAD3565CF2BB}.Unicode Debug|Win32.ActiveCfg = Debug|Win32
		{B094261C-6E7E-4117-9A2F-DAD3565CF2BB}.Unicode Debug|Win32.Build.0 = Debug|Win32
		{B094261C-6E7E-4117-9A2F-DAD3565CF2BB}.Unicode Debug|x64.ActiveCfg = Debug|Win32
		{B094261C-6E7E-4117-9A2F-DAD3565CF2BB}.Unicode Release|Win32.ActiveCfg = Release|Win32
		{B094261C-6E7E-4117-9A2F-DAD3565CF2BB}.Unicode Release|Win32.Build.0 = Release|Win32
		{B094261C-6E7E-4117-9A2F-DAD3565CF2BB}.Unicode Release|x64.ActiveCfg = Release|Win32
	EndGlobalSection
	GlobalSection(SolutionProperties) = preSolution
		HideSolutionNode = FALSE
	EndGlobalSection
	GlobalSection(NestedProjects) = preSolution
		{76B5C82C-28CD-45B9-9DCA-B95EFB2B2198} = {E4285E42-A17C-4087-A2DD-0331A36EA781}
		{2498133E-22C0-41B4-B778-C184573B96CD} = {E4285E42-A17C-4087-A2DD-0331A36EA781}
		{B1A6247E-4DAB-4521-B3A4-9DD11DAE3217} = {E4285E42-A17C-4087-A2DD-0331A36EA781}
		{7CDAAB7A-BF5D-40F5-A578-9F5571099080} = {E4285E42-A17C-4087-A2DD-0331A36EA781}
		{BC22FABC-713B-4BD2-8E09-1B006A7D4794} = {E4285E42-A17C-4087-A2DD-0331A36EA781}
		{05EBF2E8-DB58-4366-A986-129D4B4DB0E3} = {E4285E42-A17C-4087-A2DD-0331A36EA781}
		{612C76DD-C692-40DE-BC8B-A275E1EC2CEE} = {E4285E42-A17C-4087-A2DD-0331A36EA781}
	EndGlobalSection
EndGlobal
