<?xml version="1.0" encoding="utf-8"?>
<Project ToolsVersion="4.0" xmlns="http://schemas.microsoft.com/developer/msbuild/2003">
  <ItemGroup>
    <Filter Include="Source Files">
      <UniqueIdentifier>{23fc95f8-1262-406f-b78c-5a414382178f}</UniqueIdentifier>
      <Extensions>cpp;c;cxx;rc;def;r;odl;idl;hpj;bat</Extensions>
    </Filter>
    <Filter Include="Header Files">
      <UniqueIdentifier>{d0348aa4-763e-482c-a3c7-9965d3e28009}</UniqueIdentifier>
      <Extensions>h;hpp;hxx;hm;inl</Extensions>
    </Filter>
    <Filter Include="Resource Files">
      <UniqueIdentifier>{b6ea82cd-1ce4-4c47-9a22-d8e1a7b21afc}</UniqueIdentifier>
      <Extensions>ico;cur;bmp;dlg;rc2;rct;bin;rgs;gif;jpg;jpeg;jpe</Extensions>
    </Filter>
    <Filter Include="SDK">
      <UniqueIdentifier>{c3a651bc-4c1b-4697-9c9e-09d29c52c8d3}</UniqueIdentifier>
      <Extensions>h;cpp</Extensions>
    </Filter>
  </ItemGroup>
  <ItemGroup>
    <ClCompile Include="DlgComport.cpp">
      <Filter>Source Files</Filter>
    </ClCompile>
    <ClCompile Include="DlgConfig.cpp">
      <Filter>Source Files</Filter>
    </ClCompile>
    <ClCompile Include="DlgHelp.cpp">
      <Filter>Source Files</Filter>
    </ClCompile>
    <ClCompile Include="DlgItemAttr.cpp">
      <Filter>Source Files</Filter>
    </ClCompile>
    <ClCompile Include="modbus.cpp">
      <Filter>Source Files</Filter>
    </ClCompile>
    <ClCompile Include="modbusdrv.cpp">
      <Filter>Source Files</Filter>
    </ClCompile>
    <ClCompile Include="StdAfx.cpp">
      <Filter>Source Files</Filter>
    </ClCompile>
    <ClCompile Include="..\sdk\drvsdk.cpp">
      <Filter>SDK</Filter>
    </ClCompile>
    <ClCompile Include="..\sdk\sdktool.cpp">
      <Filter>SDK</Filter>
    </ClCompile>
  </ItemGroup>
  <ItemGroup>
    <None Include="modbus.def">
      <Filter>Source Files</Filter>
    </None>
    <None Include="bitmap1.bmp">
      <Filter>Resource Files</Filter>
    </None>
    <None Include="icon1.ico">
      <Filter>Resource Files</Filter>
    </None>
    <None Include="res\modbus.rc2">
      <Filter>Resource Files</Filter>
    </None>
    <None Include="res\modbus.txt" />
    <None Include="modbuscfg.csv" />
    <None Include="ReadMe.txt" />
    <None Include="res\testcfg.csv" />
  </ItemGroup>
  <ItemGroup>
    <ResourceCompile Include="modbus.rc">
      <Filter>Source Files</Filter>
    </ResourceCompile>
  </ItemGroup>
  <ItemGroup>
    <ClInclude Include="DlgComport.h">
      <Filter>Header Files</Filter>
    </ClInclude>
    <ClInclude Include="DlgConfig.h">
      <Filter>Header Files</Filter>
    </ClInclude>
    <ClInclude Include="DlgHelp.h">
      <Filter>Header Files</Filter>
    </ClInclude>
    <ClInclude Include="DlgItemAttr.h">
      <Filter>Header Files</Filter>
    </ClInclude>
    <ClInclude Include="modbus.h">
      <Filter>Header Files</Filter>
    </ClInclude>
    <ClInclude Include="modbusdrv.h">
      <Filter>Header Files</Filter>
    </ClInclude>
    <ClInclude Include="Resource.h">
      <Filter>Header Files</Filter>
    </ClInclude>
    <ClInclude Include="StdAfx.h">
      <Filter>Header Files</Filter>
    </ClInclude>
  </ItemGroup>
</Project>