<?xml version="1.0" encoding="utf-8"?>
<Project ToolsVersion="4.0" xmlns="http://schemas.microsoft.com/developer/msbuild/2003">
  <ItemGroup>
    <Filter Include="源文件">
      <UniqueIdentifier>{4FC737F1-C7A5-4376-A066-2A32D752A2FF}</UniqueIdentifier>
      <Extensions>cpp;c;cc;cxx;def;odl;idl;hpj;bat;asm;asmx</Extensions>
    </Filter>
    <Filter Include="头文件">
      <UniqueIdentifier>{93995380-89BD-4b04-88EB-625FBE52EBFB}</UniqueIdentifier>
      <Extensions>h;hpp;hxx;hm;inl;inc;xsd</Extensions>
    </Filter>
    <Filter Include="资源文件">
      <UniqueIdentifier>{67DA6AB6-F800-4c08-8B7A-83BB121AAD01}</UniqueIdentifier>
      <Extensions>rc;ico;cur;bmp;dlg;rc2;rct;bin;rgs;gif;jpg;jpeg;jpe;resx;tiff;tif;png;wav;mfcribbon-ms</Extensions>
    </Filter>
  </ItemGroup>
  <ItemGroup>
    <None Include="ReadMe.txt" />
    <None Include="SimDrvEx.def">
      <Filter>源文件</Filter>
    </None>
    <None Include="res\SimDrvEx.rc2">
      <Filter>资源文件</Filter>
    </None>
  </ItemGroup>
  <ItemGroup>
    <ClCompile Include="SimDrvEx.cpp">
      <Filter>源文件</Filter>
    </ClCompile>
    <ClCompile Include="stdafx.cpp">
      <Filter>源文件</Filter>
    </ClCompile>
    <ClCompile Include="DlgAcceCfg.cpp">
      <Filter>源文件</Filter>
    </ClCompile>
    <ClCompile Include="DlgConfig.cpp">
      <Filter>源文件</Filter>
    </ClCompile>
    <ClCompile Include="DlgTagAttr.cpp">
      <Filter>源文件</Filter>
    </ClCompile>
    <ClCompile Include="SimdrvExobj.cpp">
      <Filter>源文件</Filter>
    </ClCompile>
    <ClCompile Include="..\sdk\drvsdk.cpp">
      <Filter>源文件</Filter>
    </ClCompile>
    <ClCompile Include="..\sdk\sdktool.cpp">
      <Filter>源文件</Filter>
    </ClCompile>
    <ClCompile Include="ConfigPage.cpp">
      <Filter>源文件</Filter>
    </ClCompile>
  </ItemGroup>
  <ItemGroup>
    <ClInclude Include="SimDrvEx.h">
      <Filter>头文件</Filter>
    </ClInclude>
    <ClInclude Include="stdafx.h">
      <Filter>头文件</Filter>
    </ClInclude>
    <ClInclude Include="targetver.h">
      <Filter>头文件</Filter>
    </ClInclude>
    <ClInclude Include="Resource.h">
      <Filter>头文件</Filter>
    </ClInclude>
    <ClInclude Include="DlgAcceCfg.h">
      <Filter>头文件</Filter>
    </ClInclude>
    <ClInclude Include="DlgConfig.h">
      <Filter>头文件</Filter>
    </ClInclude>
    <ClInclude Include="DlgTagAttr.h">
      <Filter>头文件</Filter>
    </ClInclude>
    <ClInclude Include="SimdrvExobj.h">
      <Filter>头文件</Filter>
    </ClInclude>
    <ClInclude Include="..\sdk\drvdef.h">
      <Filter>头文件</Filter>
    </ClInclude>
    <ClInclude Include="..\sdk\drvsdk.h">
      <Filter>头文件</Filter>
    </ClInclude>
    <ClInclude Include="..\sdk\sdktool.h">
      <Filter>头文件</Filter>
    </ClInclude>
    <ClInclude Include="ConfigPage.h">
      <Filter>头文件</Filter>
    </ClInclude>
  </ItemGroup>
  <ItemGroup>
    <ResourceCompile Include="SimDrvEx.rc">
      <Filter>资源文件</Filter>
    </ResourceCompile>
  </ItemGroup>
</Project>