
Microsoft Visual Studio Solution File, Format Version 11.00
# Visual Studio 2010
Project("{8BC9CEB8-8B4A-11D0-8D11-00A0C91BC942}") = "GetHardwareInfo", "GetHardwareInfo\GetHardwareInfo.vcxproj", "{846075FA-60A2-4526-89D1-D19D7D98520E}"
EndProject
Project("{8BC9CEB8-8B4A-11D0-8D11-00A0C91BC942}") = "LicenseMgr", "LicenseMgr\LicenseMgr.vcxproj", "{7B8638D5-3462-472D-BEA3-6D2075D91564}"
EndProject
Project("{8BC9CEB8-8B4A-11D0-8D11-00A0C91BC942}") = "TPRILicense", "..\Modules\TPRILicense\TPRILicense.vcproj", "{D0A617A2-8A8D-4553-9CE2-42C6F92AA0D7}"
EndProject
Project("{8BC9CEB8-8B4A-11D0-8D11-00A0C91BC942}") = "LicenseView", "LicenseView\LicenseView.vcxproj", "{C0DF1471-A958-40CE-B64D-90807F000881}"
EndProject
Project("{8BC9CEB8-8B4A-11D0-8D11-00A0C91BC942}") = "TPRILicenseDemo", "..\Examples\TPRILicenseDemo\TPRILicenseDemo.vcproj", "{60D779F4-7480-448D-A5FA-9F8A98D6EA45}"
EndProject
Project("{8BC9CEB8-8B4A-11D0-8D11-00A0C91BC942}") = "TPRIKernel", "..\Modules\TPRIKernel\TPRIKernel.vcproj", "{E4E74759-A0F4-4D45-8B2B-18B024AC762F}"
EndProject
Project("{8BC9CEB8-8B4A-11D0-8D11-00A0C91BC942}") = "TPRIKernel_static", "..\Modules\TPRIKernel\TPRIKernel_static.vcproj", "{0CD05809-C082-499F-A8C9-974AFF6DA7AD}"
EndProject
Global
	GlobalSection(SolutionConfigurationPlatforms) = preSolution
		Debug|Win32 = Debug|Win32
		Debug|x64 = Debug|x64
		MFC Debug|Win32 = MFC Debug|Win32
		MFC Debug|x64 = MFC Debug|x64
		MFC Release|Win32 = MFC Release|Win32
		MFC Release|x64 = MFC Release|x64
		Release_Static|Win32 = Release_Static|Win32
		Release_Static|x64 = Release_Static|x64
		Release|Win32 = Release|Win32
		Release|x64 = Release|x64
		Unicode Debug|Win32 = Unicode Debug|Win32
		Unicode Debug|x64 = Unicode Debug|x64
		Unicode Release|Win32 = Unicode Release|Win32
		Unicode Release|x64 = Unicode Release|x64
	EndGlobalSection
	GlobalSection(ProjectConfigurationPlatforms) = postSolution
		{846075FA-60A2-4526-89D1-D19D7D98520E}.Debug|Win32.ActiveCfg = Debug|Win32
		{846075FA-60A2-4526-89D1-D19D7D98520E}.Debug|x64.ActiveCfg = Debug|x64
		{846075FA-60A2-4526-89D1-D19D7D98520E}.MFC Debug|Win32.ActiveCfg = Debug|Win32
		{846075FA-60A2-4526-89D1-D19D7D98520E}.MFC Debug|Win32.Build.0 = Debug|Win32
		{846075FA-60A2-4526-89D1-D19D7D98520E}.MFC Debug|x64.ActiveCfg = Debug|x64
		{846075FA-60A2-4526-89D1-D19D7D98520E}.MFC Debug|x64.Build.0 = Debug|x64
		{846075FA-60A2-4526-89D1-D19D7D98520E}.MFC Release|Win32.ActiveCfg = Release|Win32
		{846075FA-60A2-4526-89D1-D19D7D98520E}.MFC Release|Win32.Build.0 = Release|Win32
		{846075FA-60A2-4526-89D1-D19D7D98520E}.MFC Release|x64.ActiveCfg = Release|x64
		{846075FA-60A2-4526-89D1-D19D7D98520E}.MFC Release|x64.Build.0 = Release|x64
		{846075FA-60A2-4526-89D1-D19D7D98520E}.Release_Static|Win32.ActiveCfg = Release_Static|Win32
		{846075FA-60A2-4526-89D1-D19D7D98520E}.Release_Static|x64.ActiveCfg = Release_Static|x64
		{846075FA-60A2-4526-89D1-D19D7D98520E}.Release|Win32.ActiveCfg = Release|Win32
		{846075FA-60A2-4526-89D1-D19D7D98520E}.Release|x64.ActiveCfg = Release|x64
		{846075FA-60A2-4526-89D1-D19D7D98520E}.Unicode Debug|Win32.ActiveCfg = Debug|Win32
		{846075FA-60A2-4526-89D1-D19D7D98520E}.Unicode Debug|Win32.Build.0 = Debug|Win32
		{846075FA-60A2-4526-89D1-D19D7D98520E}.Unicode Debug|x64.ActiveCfg = Debug|x64
		{846075FA-60A2-4526-89D1-D19D7D98520E}.Unicode Debug|x64.Build.0 = Debug|x64
		{846075FA-60A2-4526-89D1-D19D7D98520E}.Unicode Release|Win32.ActiveCfg = Release|Win32
		{846075FA-60A2-4526-89D1-D19D7D98520E}.Unicode Release|Win32.Build.0 = Release|Win32
		{846075FA-60A2-4526-89D1-D19D7D98520E}.Unicode Release|x64.ActiveCfg = Release|x64
		{846075FA-60A2-4526-89D1-D19D7D98520E}.Unicode Release|x64.Build.0 = Release|x64
		{7B8638D5-3462-472D-BEA3-6D2075D91564}.Debug|Win32.ActiveCfg = Debug|Win32
		{7B8638D5-3462-472D-BEA3-6D2075D91564}.Debug|x64.ActiveCfg = Debug|x64
		{7B8638D5-3462-472D-BEA3-6D2075D91564}.MFC Debug|Win32.ActiveCfg = Debug|Win32
		{7B8638D5-3462-472D-BEA3-6D2075D91564}.MFC Debug|Win32.Build.0 = Debug|Win32
		{7B8638D5-3462-472D-BEA3-6D2075D91564}.MFC Debug|x64.ActiveCfg = Debug|x64
		{7B8638D5-3462-472D-BEA3-6D2075D91564}.MFC Debug|x64.Build.0 = Debug|x64
		{7B8638D5-3462-472D-BEA3-6D2075D91564}.MFC Release|Win32.ActiveCfg = Release|Win32
		{7B8638D5-3462-472D-BEA3-6D2075D91564}.MFC Release|Win32.Build.0 = Release|Win32
		{7B8638D5-3462-472D-BEA3-6D2075D91564}.MFC Release|x64.ActiveCfg = Release|x64
		{7B8638D5-3462-472D-BEA3-6D2075D91564}.MFC Release|x64.Build.0 = Release|x64
		{7B8638D5-3462-472D-BEA3-6D2075D91564}.Release_Static|Win32.ActiveCfg = Release_Static|Win32
		{7B8638D5-3462-472D-BEA3-6D2075D91564}.Release_Static|x64.ActiveCfg = Release_Static|x64
		{7B8638D5-3462-472D-BEA3-6D2075D91564}.Release|Win32.ActiveCfg = Release|Win32
		{7B8638D5-3462-472D-BEA3-6D2075D91564}.Release|x64.ActiveCfg = Release|x64
		{7B8638D5-3462-472D-BEA3-6D2075D91564}.Unicode Debug|Win32.ActiveCfg = Debug|Win32
		{7B8638D5-3462-472D-BEA3-6D2075D91564}.Unicode Debug|Win32.Build.0 = Debug|Win32
		{7B8638D5-3462-472D-BEA3-6D2075D91564}.Unicode Debug|x64.ActiveCfg = Debug|x64
		{7B8638D5-3462-472D-BEA3-6D2075D91564}.Unicode Debug|x64.Build.0 = Debug|x64
		{7B8638D5-3462-472D-BEA3-6D2075D91564}.Unicode Release|Win32.ActiveCfg = Release|Win32
		{7B8638D5-3462-472D-BEA3-6D2075D91564}.Unicode Release|Win32.Build.0 = Release|Win32
		{7B8638D5-3462-472D-BEA3-6D2075D91564}.Unicode Release|x64.ActiveCfg = Release|x64
		{7B8638D5-3462-472D-BEA3-6D2075D91564}.Unicode Release|x64.Build.0 = Release|x64
		{D0A617A2-8A8D-4553-9CE2-42C6F92AA0D7}.Debug|Win32.ActiveCfg = Debug|Win32
		{D0A617A2-8A8D-4553-9CE2-42C6F92AA0D7}.Debug|x64.ActiveCfg = Debug|x64
		{D0A617A2-8A8D-4553-9CE2-42C6F92AA0D7}.MFC Debug|Win32.ActiveCfg = MFC Debug|Win32
		{D0A617A2-8A8D-4553-9CE2-42C6F92AA0D7}.MFC Debug|Win32.Build.0 = MFC Debug|Win32
		{D0A617A2-8A8D-4553-9CE2-42C6F92AA0D7}.MFC Debug|x64.ActiveCfg = MFC Debug|x64
		{D0A617A2-8A8D-4553-9CE2-42C6F92AA0D7}.MFC Release|Win32.ActiveCfg = MFC Release|Win32
		{D0A617A2-8A8D-4553-9CE2-42C6F92AA0D7}.MFC Release|Win32.Build.0 = MFC Release|Win32
		{D0A617A2-8A8D-4553-9CE2-42C6F92AA0D7}.MFC Release|x64.ActiveCfg = MFC Release|x64
		{D0A617A2-8A8D-4553-9CE2-42C6F92AA0D7}.Release_Static|Win32.ActiveCfg = Release_Static|Win32
		{D0A617A2-8A8D-4553-9CE2-42C6F92AA0D7}.Release_Static|Win32.Build.0 = Release_Static|Win32
		{D0A617A2-8A8D-4553-9CE2-42C6F92AA0D7}.Release_Static|x64.ActiveCfg = Release_Static|x64
		{D0A617A2-8A8D-4553-9CE2-42C6F92AA0D7}.Release|Win32.ActiveCfg = Release|Win32
		{D0A617A2-8A8D-4553-9CE2-42C6F92AA0D7}.Release|x64.ActiveCfg = Release|x64
		{D0A617A2-8A8D-4553-9CE2-42C6F92AA0D7}.Unicode Debug|Win32.ActiveCfg = Debug|Win32
		{D0A617A2-8A8D-4553-9CE2-42C6F92AA0D7}.Unicode Debug|Win32.Build.0 = Debug|Win32
		{D0A617A2-8A8D-4553-9CE2-42C6F92AA0D7}.Unicode Debug|x64.ActiveCfg = Debug|x64
		{D0A617A2-8A8D-4553-9CE2-42C6F92AA0D7}.Unicode Debug|x64.Build.0 = Debug|x64
		{D0A617A2-8A8D-4553-9CE2-42C6F92AA0D7}.Unicode Release|Win32.ActiveCfg = Release|Win32
		{D0A617A2-8A8D-4553-9CE2-42C6F92AA0D7}.Unicode Release|Win32.Build.0 = Release|Win32
		{D0A617A2-8A8D-4553-9CE2-42C6F92AA0D7}.Unicode Release|x64.ActiveCfg = Release|x64
		{D0A617A2-8A8D-4553-9CE2-42C6F92AA0D7}.Unicode Release|x64.Build.0 = Release|x64
		{C0DF1471-A958-40CE-B64D-90807F000881}.Debug|Win32.ActiveCfg = Debug|Win32
		{C0DF1471-A958-40CE-B64D-90807F000881}.Debug|x64.ActiveCfg = Debug|x64
		{C0DF1471-A958-40CE-B64D-90807F000881}.MFC Debug|Win32.ActiveCfg = Debug|Win32
		{C0DF1471-A958-40CE-B64D-90807F000881}.MFC Debug|Win32.Build.0 = Debug|Win32
		{C0DF1471-A958-40CE-B64D-90807F000881}.MFC Debug|x64.ActiveCfg = Debug|x64
		{C0DF1471-A958-40CE-B64D-90807F000881}.MFC Debug|x64.Build.0 = Debug|x64
		{C0DF1471-A958-40CE-B64D-90807F000881}.MFC Release|Win32.ActiveCfg = Release|Win32
		{C0DF1471-A958-40CE-B64D-90807F000881}.MFC Release|Win32.Build.0 = Release|Win32
		{C0DF1471-A958-40CE-B64D-90807F000881}.MFC Release|x64.ActiveCfg = Release|x64
		{C0DF1471-A958-40CE-B64D-90807F000881}.MFC Release|x64.Build.0 = Release|x64
		{C0DF1471-A958-40CE-B64D-90807F000881}.Release_Static|Win32.ActiveCfg = Release_Static|Win32
		{C0DF1471-A958-40CE-B64D-90807F000881}.Release_Static|x64.ActiveCfg = Release_Static|x64
		{C0DF1471-A958-40CE-B64D-90807F000881}.Release|Win32.ActiveCfg = Release|Win32
		{C0DF1471-A958-40CE-B64D-90807F000881}.Release|x64.ActiveCfg = Release|x64
		{C0DF1471-A958-40CE-B64D-90807F000881}.Unicode Debug|Win32.ActiveCfg = Debug|Win32
		{C0DF1471-A958-40CE-B64D-90807F000881}.Unicode Debug|Win32.Build.0 = Debug|Win32
		{C0DF1471-A958-40CE-B64D-90807F000881}.Unicode Debug|x64.ActiveCfg = Debug|x64
		{C0DF1471-A958-40CE-B64D-90807F000881}.Unicode Debug|x64.Build.0 = Debug|x64
		{C0DF1471-A958-40CE-B64D-90807F000881}.Unicode Release|Win32.ActiveCfg = Release|Win32
		{C0DF1471-A958-40CE-B64D-90807F000881}.Unicode Release|Win32.Build.0 = Release|Win32
		{C0DF1471-A958-40CE-B64D-90807F000881}.Unicode Release|x64.ActiveCfg = Release|x64
		{C0DF1471-A958-40CE-B64D-90807F000881}.Unicode Release|x64.Build.0 = Release|x64
		{60D779F4-7480-448D-A5FA-9F8A98D6EA45}.Debug|Win32.ActiveCfg = Debug|Win32
		{60D779F4-7480-448D-A5FA-9F8A98D6EA45}.Debug|x64.ActiveCfg = Debug|x64
		{60D779F4-7480-448D-A5FA-9F8A98D6EA45}.MFC Debug|Win32.ActiveCfg = Debug|Win32
		{60D779F4-7480-448D-A5FA-9F8A98D6EA45}.MFC Debug|Win32.Build.0 = Debug|Win32
		{60D779F4-7480-448D-A5FA-9F8A98D6EA45}.MFC Debug|x64.ActiveCfg = Debug|x64
		{60D779F4-7480-448D-A5FA-9F8A98D6EA45}.MFC Debug|x64.Build.0 = Debug|x64
		{60D779F4-7480-448D-A5FA-9F8A98D6EA45}.MFC Release|Win32.ActiveCfg = Release|Win32
		{60D779F4-7480-448D-A5FA-9F8A98D6EA45}.MFC Release|Win32.Build.0 = Release|Win32
		{60D779F4-7480-448D-A5FA-9F8A98D6EA45}.MFC Release|x64.ActiveCfg = Release|x64
		{60D779F4-7480-448D-A5FA-9F8A98D6EA45}.MFC Release|x64.Build.0 = Release|x64
		{60D779F4-7480-448D-A5FA-9F8A98D6EA45}.Release_Static|Win32.ActiveCfg = Release_Static|Win32
		{60D779F4-7480-448D-A5FA-9F8A98D6EA45}.Release_Static|x64.ActiveCfg = Release_Static|x64
		{60D779F4-7480-448D-A5FA-9F8A98D6EA45}.Release|Win32.ActiveCfg = Release|Win32
		{60D779F4-7480-448D-A5FA-9F8A98D6EA45}.Release|x64.ActiveCfg = Release|x64
		{60D779F4-7480-448D-A5FA-9F8A98D6EA45}.Unicode Debug|Win32.ActiveCfg = Debug|Win32
		{60D779F4-7480-448D-A5FA-9F8A98D6EA45}.Unicode Debug|Win32.Build.0 = Debug|Win32
		{60D779F4-7480-448D-A5FA-9F8A98D6EA45}.Unicode Debug|x64.ActiveCfg = Debug|x64
		{60D779F4-7480-448D-A5FA-9F8A98D6EA45}.Unicode Debug|x64.Build.0 = Debug|x64
		{60D779F4-7480-448D-A5FA-9F8A98D6EA45}.Unicode Release|Win32.ActiveCfg = Release|Win32
		{60D779F4-7480-448D-A5FA-9F8A98D6EA45}.Unicode Release|Win32.Build.0 = Release|Win32
		{60D779F4-7480-448D-A5FA-9F8A98D6EA45}.Unicode Release|x64.ActiveCfg = Release|x64
		{60D779F4-7480-448D-A5FA-9F8A98D6EA45}.Unicode Release|x64.Build.0 = Release|x64
		{E4E74759-A0F4-4D45-8B2B-18B024AC762F}.Debug|Win32.ActiveCfg = Debug|Win32
		{E4E74759-A0F4-4D45-8B2B-18B024AC762F}.Debug|x64.ActiveCfg = Debug|x64
		{E4E74759-A0F4-4D45-8B2B-18B024AC762F}.MFC Debug|Win32.ActiveCfg = Debug|Win32
		{E4E74759-A0F4-4D45-8B2B-18B024AC762F}.MFC Debug|Win32.Build.0 = Debug|Win32
		{E4E74759-A0F4-4D45-8B2B-18B024AC762F}.MFC Debug|x64.ActiveCfg = Debug|x64
		{E4E74759-A0F4-4D45-8B2B-18B024AC762F}.MFC Debug|x64.Build.0 = Debug|x64
		{E4E74759-A0F4-4D45-8B2B-18B024AC762F}.MFC Release|Win32.ActiveCfg = Release|Win32
		{E4E74759-A0F4-4D45-8B2B-18B024AC762F}.MFC Release|Win32.Build.0 = Release|Win32
		{E4E74759-A0F4-4D45-8B2B-18B024AC762F}.MFC Release|x64.ActiveCfg = Release|x64
		{E4E74759-A0F4-4D45-8B2B-18B024AC762F}.MFC Release|x64.Build.0 = Release|x64
		{E4E74759-A0F4-4D45-8B2B-18B024AC762F}.Release_Static|Win32.ActiveCfg = Release|Win32
		{E4E74759-A0F4-4D45-8B2B-18B024AC762F}.Release_Static|x64.ActiveCfg = Release|x64
		{E4E74759-A0F4-4D45-8B2B-18B024AC762F}.Release_Static|x64.Build.0 = Release|x64
		{E4E74759-A0F4-4D45-8B2B-18B024AC762F}.Release|Win32.ActiveCfg = Release|Win32
		{E4E74759-A0F4-4D45-8B2B-18B024AC762F}.Release|x64.ActiveCfg = Release|x64
		{E4E74759-A0F4-4D45-8B2B-18B024AC762F}.Unicode Debug|Win32.ActiveCfg = Debug|Win32
		{E4E74759-A0F4-4D45-8B2B-18B024AC762F}.Unicode Debug|x64.ActiveCfg = Debug|x64
		{E4E74759-A0F4-4D45-8B2B-18B024AC762F}.Unicode Debug|x64.Build.0 = Debug|x64
		{E4E74759-A0F4-4D45-8B2B-18B024AC762F}.Unicode Release|Win32.ActiveCfg = Release|Win32
		{E4E74759-A0F4-4D45-8B2B-18B024AC762F}.Unicode Release|x64.ActiveCfg = Release|x64
		{E4E74759-A0F4-4D45-8B2B-18B024AC762F}.Unicode Release|x64.Build.0 = Release|x64
		{0CD05809-C082-499F-A8C9-974AFF6DA7AD}.Debug|Win32.ActiveCfg = Debug|Win32
		{0CD05809-C082-499F-A8C9-974AFF6DA7AD}.Debug|x64.ActiveCfg = Debug|x64
		{0CD05809-C082-499F-A8C9-974AFF6DA7AD}.Debug|x64.Build.0 = Debug|x64
		{0CD05809-C082-499F-A8C9-974AFF6DA7AD}.MFC Debug|Win32.ActiveCfg = Debug|Win32
		{0CD05809-C082-499F-A8C9-974AFF6DA7AD}.MFC Debug|Win32.Build.0 = Debug|Win32
		{0CD05809-C082-499F-A8C9-974AFF6DA7AD}.MFC Debug|x64.ActiveCfg = Debug|x64
		{0CD05809-C082-499F-A8C9-974AFF6DA7AD}.MFC Debug|x64.Build.0 = Debug|x64
		{0CD05809-C082-499F-A8C9-974AFF6DA7AD}.MFC Release|Win32.ActiveCfg = Release|Win32
		{0CD05809-C082-499F-A8C9-974AFF6DA7AD}.MFC Release|Win32.Build.0 = Release|Win32
		{0CD05809-C082-499F-A8C9-974AFF6DA7AD}.MFC Release|x64.ActiveCfg = Release|x64
		{0CD05809-C082-499F-A8C9-974AFF6DA7AD}.MFC Release|x64.Build.0 = Release|x64
		{0CD05809-C082-499F-A8C9-974AFF6DA7AD}.Release_Static|Win32.ActiveCfg = Release|Win32
		{0CD05809-C082-499F-A8C9-974AFF6DA7AD}.Release_Static|x64.ActiveCfg = Release_static|x64
		{0CD05809-C082-499F-A8C9-974AFF6DA7AD}.Release_Static|x64.Build.0 = Release_static|x64
		{0CD05809-C082-499F-A8C9-974AFF6DA7AD}.Release|Win32.ActiveCfg = Release|Win32
		{0CD05809-C082-499F-A8C9-974AFF6DA7AD}.Release|Win32.Build.0 = Release|Win32
		{0CD05809-C082-499F-A8C9-974AFF6DA7AD}.Release|x64.ActiveCfg = Release|x64
		{0CD05809-C082-499F-A8C9-974AFF6DA7AD}.Release|x64.Build.0 = Release|x64
		{0CD05809-C082-499F-A8C9-974AFF6DA7AD}.Unicode Debug|Win32.ActiveCfg = Debug|Win32
		{0CD05809-C082-499F-A8C9-974AFF6DA7AD}.Unicode Debug|x64.ActiveCfg = Debug|x64
		{0CD05809-C082-499F-A8C9-974AFF6DA7AD}.Unicode Debug|x64.Build.0 = Debug|x64
		{0CD05809-C082-499F-A8C9-974AFF6DA7AD}.Unicode Release|Win32.ActiveCfg = Release|Win32
		{0CD05809-C082-499F-A8C9-974AFF6DA7AD}.Unicode Release|x64.ActiveCfg = Release|x64
		{0CD05809-C082-499F-A8C9-974AFF6DA7AD}.Unicode Release|x64.Build.0 = Release|x64
	EndGlobalSection
	GlobalSection(SolutionProperties) = preSolution
		HideSolutionNode = FALSE
	EndGlobalSection
EndGlobal
