<?xml version="1.0" encoding="utf-8"?>
<Project ToolsVersion="4.0" xmlns="http://schemas.microsoft.com/developer/msbuild/2003">
  <ItemGroup>
    <Filter Include="Source Files">
      <UniqueIdentifier>{f39bf401-dcdb-4492-8781-8631458dcda8}</UniqueIdentifier>
      <Extensions>cpp;c;cxx;rc;def;r;odl;idl;hpj;bat</Extensions>
    </Filter>
    <Filter Include="Header Files">
      <UniqueIdentifier>{7fc1120c-0a90-495a-a324-64fb8463bcac}</UniqueIdentifier>
      <Extensions>h;hpp;hxx;hm;inl</Extensions>
    </Filter>
    <Filter Include="Resource Files">
      <UniqueIdentifier>{9f498815-fa95-441a-8c00-8ca489d5456c}</UniqueIdentifier>
      <Extensions>ico;cur;bmp;dlg;rc2;rct;bin;rgs;gif;jpg;jpeg;jpe</Extensions>
    </Filter>
    <Filter Include="License">
      <UniqueIdentifier>{0336c302-9098-47be-97f5-2c80b2648937}</UniqueIdentifier>
    </Filter>
  </ItemGroup>
  <ItemGroup>
    <ClCompile Include="DlgLogin.cpp">
      <Filter>Source Files</Filter>
    </ClCompile>
    <ClCompile Include="DlgModifyPass.cpp">
      <Filter>Source Files</Filter>
    </ClCompile>
    <ClCompile Include="DlgOptAttr.cpp">
      <Filter>Source Files</Filter>
    </ClCompile>
    <ClCompile Include="DlgOptMan.cpp">
      <Filter>Source Files</Filter>
    </ClCompile>
    <ClCompile Include="LicenseDlg.cpp">
      <Filter>Source Files</Filter>
    </ClCompile>
    <ClCompile Include="Operator.cpp">
      <Filter>Source Files</Filter>
    </ClCompile>
    <ClCompile Include="StdAfx.cpp">
      <Filter>Source Files</Filter>
    </ClCompile>
    <ClCompile Include="reglic.cpp">
      <Filter>License</Filter>
    </ClCompile>
    <ClCompile Include="Rijndael.cpp">
      <Filter>Source Files</Filter>
    </ClCompile>
    <ClCompile Include="MD5.cpp">
      <Filter>Source Files</Filter>
    </ClCompile>
    <ClCompile Include="PropertyManager.cpp">
      <Filter>Source Files</Filter>
    </ClCompile>
  </ItemGroup>
  <ItemGroup>
    <None Include="Operator.def">
      <Filter>Source Files</Filter>
    </None>
    <None Include="key1.ico">
      <Filter>Resource Files</Filter>
    </None>
    <None Include="res\Operator.rc2">
      <Filter>Resource Files</Filter>
    </None>
    <None Include="ReadMe.txt" />
  </ItemGroup>
  <ItemGroup>
    <ResourceCompile Include="Operator.rc">
      <Filter>Source Files</Filter>
    </ResourceCompile>
  </ItemGroup>
  <ItemGroup>
    <ClInclude Include="DlgLogin.h">
      <Filter>Header Files</Filter>
    </ClInclude>
    <ClInclude Include="DlgModifyPass.h">
      <Filter>Header Files</Filter>
    </ClInclude>
    <ClInclude Include="DlgOptAttr.h">
      <Filter>Header Files</Filter>
    </ClInclude>
    <ClInclude Include="DlgOptMan.h">
      <Filter>Header Files</Filter>
    </ClInclude>
    <ClInclude Include="LicenseDlg.h">
      <Filter>Header Files</Filter>
    </ClInclude>
    <ClInclude Include="Operator.h">
      <Filter>Header Files</Filter>
    </ClInclude>
    <ClInclude Include="Resource.h">
      <Filter>Header Files</Filter>
    </ClInclude>
    <ClInclude Include="StdAfx.h">
      <Filter>Header Files</Filter>
    </ClInclude>
    <ClInclude Include="..\..\..\Common\AsmThunkCode.h">
      <Filter>License</Filter>
    </ClInclude>
    <ClInclude Include="reglic.h">
      <Filter>License</Filter>
    </ClInclude>
    <ClInclude Include="Rijndael.h">
      <Filter>Header Files</Filter>
    </ClInclude>
    <ClInclude Include="MD5.h">
      <Filter>Header Files</Filter>
    </ClInclude>
    <ClInclude Include="PropertyManager.h">
      <Filter>Header Files</Filter>
    </ClInclude>
  </ItemGroup>
</Project>