<?xml version="1.0" encoding="utf-8"?>
<Project ToolsVersion="4.0" xmlns="http://schemas.microsoft.com/developer/msbuild/2003">
  <ItemGroup>
    <Filter Include="Source Files">
      <UniqueIdentifier>{a65eb912-75df-4e9f-baec-3ade1088e9d2}</UniqueIdentifier>
      <Extensions>cpp;c;cxx;rc;def;r;odl;idl;hpj;bat</Extensions>
    </Filter>
    <Filter Include="Header Files">
      <UniqueIdentifier>{6b596332-7f0b-435b-845c-f7fba363a3d1}</UniqueIdentifier>
      <Extensions>h;hpp;hxx;hm;inl</Extensions>
    </Filter>
    <Filter Include="Resource Files">
      <UniqueIdentifier>{641e9ccd-8b78-4f07-aaff-71d4d61f4f5a}</UniqueIdentifier>
      <Extensions>ico;cur;bmp;dlg;rc2;rct;bin;rgs;gif;jpg;jpeg;jpe</Extensions>
    </Filter>
  </ItemGroup>
  <ItemGroup>
    <ClCompile Include="advisesink.cpp">
      <Filter>Source Files</Filter>
    </ClCompile>
    <ClCompile Include="datasink20.cpp">
      <Filter>Source Files</Filter>
    </ClCompile>
    <ClCompile Include="DlgHelp.cpp">
      <Filter>Source Files</Filter>
    </ClCompile>
    <ClCompile Include="DlgOpcSet.cpp">
      <Filter>Source Files</Filter>
    </ClCompile>
    <ClCompile Include="DlgOpcVar.cpp">
      <Filter>Source Files</Filter>
    </ClCompile>
    <ClCompile Include="interface.cpp">
      <Filter>Source Files</Filter>
    </ClCompile>
    <ClCompile Include="ItemWinList.cpp">
      <Filter>Source Files</Filter>
    </ClCompile>
    <ClCompile Include="myopc.cpp">
      <Filter>Source Files</Filter>
    </ClCompile>
    <ClCompile Include="opccomn_i.c">
      <Filter>Source Files</Filter>
    </ClCompile>
    <ClCompile Include="opcda_i.c">
      <Filter>Source Files</Filter>
    </ClCompile>
    <ClCompile Include="opcdrv.cpp">
      <Filter>Source Files</Filter>
    </ClCompile>
    <ClCompile Include="OpcEnum_i.c">
      <Filter>Source Files</Filter>
    </ClCompile>
    <ClCompile Include="safearray.cpp">
      <Filter>Source Files</Filter>
    </ClCompile>
    <ClCompile Include="..\sdk\sdktool.cpp">
      <Filter>Source Files</Filter>
    </ClCompile>
    <ClCompile Include="shutdownsink.cpp">
      <Filter>Source Files</Filter>
    </ClCompile>
    <ClCompile Include="StdAfx.cpp">
      <Filter>Source Files</Filter>
    </ClCompile>
    <ClCompile Include="timestmp.cpp">
      <Filter>Source Files</Filter>
    </ClCompile>
  </ItemGroup>
  <ItemGroup>
    <None Include="opcdrv.def">
      <Filter>Source Files</Filter>
    </None>
    <None Include="bitmap1.bmp">
      <Filter>Resource Files</Filter>
    </None>
    <None Include="bmp00001.bmp">
      <Filter>Resource Files</Filter>
    </None>
    <None Include="groupimages.bmp">
      <Filter>Resource Files</Filter>
    </None>
    <None Include="itemimages.bmp">
      <Filter>Resource Files</Filter>
    </None>
    <None Include="res\opcdrv.rc2">
      <Filter>Resource Files</Filter>
    </None>
    <None Include="res\opchelp.txt" />
    <None Include="ReadMe.txt" />
  </ItemGroup>
  <ItemGroup>
    <ResourceCompile Include="opcdrv.rc">
      <Filter>Source Files</Filter>
    </ResourceCompile>
  </ItemGroup>
  <ItemGroup>
    <ClInclude Include="advisesink.h">
      <Filter>Header Files</Filter>
    </ClInclude>
    <ClInclude Include="datasink20.h">
      <Filter>Header Files</Filter>
    </ClInclude>
    <ClInclude Include="DlgHelp.h">
      <Filter>Header Files</Filter>
    </ClInclude>
    <ClInclude Include="DlgOpcSet.h">
      <Filter>Header Files</Filter>
    </ClInclude>
    <ClInclude Include="DlgOpcVar.h">
      <Filter>Header Files</Filter>
    </ClInclude>
    <ClInclude Include="..\sdk\drvdef.h">
      <Filter>Header Files</Filter>
    </ClInclude>
    <ClInclude Include="..\sdk\drvsdk.h">
      <Filter>Header Files</Filter>
    </ClInclude>
    <ClInclude Include="..\sdk\DrvVersion.h">
      <Filter>Header Files</Filter>
    </ClInclude>
    <ClInclude Include="ItemWinList.h">
      <Filter>Header Files</Filter>
    </ClInclude>
    <ClInclude Include="myopc.h">
      <Filter>Header Files</Filter>
    </ClInclude>
    <ClInclude Include="opcdrv.h">
      <Filter>Header Files</Filter>
    </ClInclude>
    <ClInclude Include="OpcEnum.h">
      <Filter>Header Files</Filter>
    </ClInclude>
    <ClInclude Include="opcerrors.h">
      <Filter>Header Files</Filter>
    </ClInclude>
    <ClInclude Include="opcprops.h">
      <Filter>Header Files</Filter>
    </ClInclude>
    <ClInclude Include="Resource.h">
      <Filter>Header Files</Filter>
    </ClInclude>
    <ClInclude Include="safearray.h">
      <Filter>Header Files</Filter>
    </ClInclude>
    <ClInclude Include="..\sdk\sdktool.h">
      <Filter>Header Files</Filter>
    </ClInclude>
    <ClInclude Include="shutdownsink.h">
      <Filter>Header Files</Filter>
    </ClInclude>
    <ClInclude Include="StdAfx.h">
      <Filter>Header Files</Filter>
    </ClInclude>
    <ClInclude Include="timestmp.h">
      <Filter>Header Files</Filter>
    </ClInclude>
  </ItemGroup>
</Project>