<?xml version="1.0" encoding="utf-8"?>
<Project ToolsVersion="4.0" xmlns="http://schemas.microsoft.com/developer/msbuild/2003">
  <ItemGroup>
    <Filter Include="Source Files">
      <UniqueIdentifier>{db77e119-eb88-4c9e-b768-2c04017bf6f7}</UniqueIdentifier>
      <Extensions>cpp;c;cxx;rc;def;r;odl;idl;hpj;bat</Extensions>
    </Filter>
    <Filter Include="Header Files">
      <UniqueIdentifier>{34801d68-d700-4762-aa7d-47ed48792835}</UniqueIdentifier>
      <Extensions>h;hpp;hxx;hm;inl</Extensions>
    </Filter>
    <Filter Include="SDK">
      <UniqueIdentifier>{e0be0aa7-2996-4ca3-bc71-95c8370ff4ca}</UniqueIdentifier>
      <Extensions>h;cpp</Extensions>
    </Filter>
  </ItemGroup>
  <ItemGroup>
    <ClCompile Include="CfgDlg.cpp">
      <Filter>Source Files</Filter>
    </ClCompile>
    <ClCompile Include="ddclib.cpp">
      <Filter>Source Files</Filter>
    </ClCompile>
    <ClCompile Include="DlgComset.cpp">
      <Filter>Source Files</Filter>
    </ClCompile>
    <ClCompile Include="DlgItemAttr.cpp">
      <Filter>Source Files</Filter>
    </ClCompile>
    <ClCompile Include="ODBCCfgDlg.cpp">
      <Filter>Source Files</Filter>
    </ClCompile>
    <ClCompile Include="ProgressDlg.cpp">
      <Filter>Source Files</Filter>
    </ClCompile>
    <ClCompile Include="ProgressThread.cpp">
      <Filter>Source Files</Filter>
    </ClCompile>
    <ClCompile Include="SerialCfgDlg.cpp">
      <Filter>Source Files</Filter>
    </ClCompile>
    <ClCompile Include="StdAfx.cpp">
      <Filter>Source Files</Filter>
    </ClCompile>
    <ClCompile Include="TabSheet.cpp">
      <Filter>Source Files</Filter>
    </ClCompile>
    <ClCompile Include="TagItem.cpp">
      <Filter>Source Files</Filter>
    </ClCompile>
    <ClCompile Include="UdpTcpCfgDlg.cpp">
      <Filter>Source Files</Filter>
    </ClCompile>
    <ClCompile Include="WinTagInfo.cpp">
      <Filter>Source Files</Filter>
    </ClCompile>
    <ClCompile Include="..\sdk\drvsdk.cpp">
      <Filter>SDK</Filter>
    </ClCompile>
    <ClCompile Include="..\sdk\sdktool.cpp">
      <Filter>SDK</Filter>
    </ClCompile>
    <ClCompile Include="SortObArray.cpp">
      <Filter>SDK</Filter>
    </ClCompile>
    <ClCompile Include="WinList.cpp">
      <Filter>SDK</Filter>
    </ClCompile>
    <ClCompile Include="FileExplorer.cpp">
      <Filter>Source Files</Filter>
    </ClCompile>
    <ClCompile Include="HashTableUtils.cpp">
      <Filter>Source Files</Filter>
    </ClCompile>
    <ClCompile Include="DlgCfg.cpp">
      <Filter>Source Files</Filter>
    </ClCompile>
    <ClCompile Include="FileCfgDlg.cpp">
      <Filter>Source Files</Filter>
    </ClCompile>
    <ClCompile Include="ShowHelpDlg.cpp">
      <Filter>Source Files</Filter>
    </ClCompile>
  </ItemGroup>
  <ItemGroup>
    <ResourceCompile Include="ddclib.rc">
      <Filter>Source Files</Filter>
    </ResourceCompile>
  </ItemGroup>
  <ItemGroup>
    <ClInclude Include="CfgDlg.h">
      <Filter>Header Files</Filter>
    </ClInclude>
    <ClInclude Include="..\sdk\ddclib.h">
      <Filter>Header Files</Filter>
    </ClInclude>
    <ClInclude Include="DlgComset.h">
      <Filter>Header Files</Filter>
    </ClInclude>
    <ClInclude Include="DlgItemAttr.h">
      <Filter>Header Files</Filter>
    </ClInclude>
    <ClInclude Include="..\sdk\DrvVersion.h">
      <Filter>Header Files</Filter>
    </ClInclude>
    <ClInclude Include="ODBCCfgDlg.h">
      <Filter>Header Files</Filter>
    </ClInclude>
    <ClInclude Include="ProgressDlg.h">
      <Filter>Header Files</Filter>
    </ClInclude>
    <ClInclude Include="ProgressThread.h">
      <Filter>Header Files</Filter>
    </ClInclude>
    <ClInclude Include="resource.h">
      <Filter>Header Files</Filter>
    </ClInclude>
    <ClInclude Include="SerialCfgDlg.h">
      <Filter>Header Files</Filter>
    </ClInclude>
    <ClInclude Include="StdAfx.h">
      <Filter>Header Files</Filter>
    </ClInclude>
    <ClInclude Include="TabSheet.h">
      <Filter>Header Files</Filter>
    </ClInclude>
    <ClInclude Include="..\sdk\TagItem.h">
      <Filter>Header Files</Filter>
    </ClInclude>
    <ClInclude Include="UdpTcpCfgDlg.h">
      <Filter>Header Files</Filter>
    </ClInclude>
    <ClInclude Include="..\sdk\WinTagInfo.h">
      <Filter>Header Files</Filter>
    </ClInclude>
    <ClInclude Include="..\sdk\drvdef.h">
      <Filter>SDK</Filter>
    </ClInclude>
    <ClInclude Include="..\sdk\drvsdk.h">
      <Filter>SDK</Filter>
    </ClInclude>
    <ClInclude Include="..\..\Common\MemDC.h">
      <Filter>SDK</Filter>
    </ClInclude>
    <ClInclude Include="..\sdk\sdktool.h">
      <Filter>SDK</Filter>
    </ClInclude>
    <ClInclude Include="..\sdk\SortObArray.h">
      <Filter>SDK</Filter>
    </ClInclude>
    <ClInclude Include="..\sdk\WinList.h">
      <Filter>SDK</Filter>
    </ClInclude>
    <ClInclude Include="..\sdk\FileExplorer.h">
      <Filter>Header Files</Filter>
    </ClInclude>
    <ClInclude Include="..\sdk\HashTableUtils.h">
      <Filter>Header Files</Filter>
    </ClInclude>
    <ClInclude Include="DlgCfg.h">
      <Filter>Header Files</Filter>
    </ClInclude>
    <ClInclude Include="FileCfgDlg.h">
      <Filter>Header Files</Filter>
    </ClInclude>
    <ClInclude Include="MemDC.h">
      <Filter>Header Files</Filter>
    </ClInclude>
    <ClInclude Include="ShowHelpDlg.h">
      <Filter>Header Files</Filter>
    </ClInclude>
  </ItemGroup>
  <ItemGroup>
    <None Include="Readme.txt" />
    <None Include="res\testcfg.csv" />
  </ItemGroup>
</Project>